{
  "version": 4,
  "terraform_version": "1.4.6",
  "serial": 67,
  "lineage": "0980f5c0-90b3-faf2-9c32-659df83c9ccf",
  "outputs": {
    "configure_kubectl": {
      "value": "aws eks --region us-west-2 update-kubeconfig --name cluster-eks",
      "type": "string"
    }
  },
  "resources": [
    {
      "mode": "data",
      "type": "aws_availability_zones",
      "name": "available",
      "provider": "provider[\"registry.terraform.io/hashicorp/aws\"]",
      "instances": [
        {
          "schema_version": 0,
          "attributes": {
            "all_availability_zones": null,
            "exclude_names": null,
            "exclude_zone_ids": null,
            "filter": null,
            "group_names": [
              "us-west-2"
            ],
            "id": "us-west-2",
            "names": [
              "us-west-2a",
              "us-west-2b",
              "us-west-2c",
              "us-west-2d"
            ],
            "state": null,
            "timeouts": null,
            "zone_ids": [
              "usw2-az1",
              "usw2-az2",
              "usw2-az3",
              "usw2-az4"
            ]
          },
          "sensitive_attributes": []
        }
      ]
    },
    {
      "mode": "data",
      "type": "aws_ecrpublic_authorization_token",
      "name": "token",
      "provider": "provider[\"registry.terraform.io/hashicorp/aws\"].virginia",
      "instances": [
        {
          "schema_version": 0,
          "attributes": {
            "authorization_token": "QVdTOmV5SndZWGxzYjJGa0lqb2lWalJTU0V4dFkycEtaM0EwTm1aNFQxSk1UMUJsYTBsS1oyNDVhVlpCU0ZkVmJqbHNTMUZJT0cxRVpFVmhVekJVY0ZoYWN6Unpaa2hGUTFCRlZsaGxaazVMU2pWcE1qRldSemd4UmxwdVpVNDRWM2Q2Vm5selVuWm9XVW94VjJGS2FVTlNOamhHUlVWMlExSlJjM2xGTlhCemJHeHRNRGxhVFZKTFJrdDZibTl4VEhsSlkzWm9XVzlVU1V3d1UySmhSVFJSYzI1SU1VMWpkbTh3Ymt4NkwwVk1VbFZXZGtVMmVuSnNjVU14YmxOSGEwdFBhVEZRTVV4TlpsZHphak5GY0djeFoyNWpkemhOVG5OME1VNVJNRVpLZVM4dmFFaElOWEp3YUM5c2MwRkxObTlhTURaelJXRnNZekZIUlhkUWJVNWhaWGs0YURkM1ZYTTRNeXMyZG5wQ1RHeDVTbTl1UnpkV2RqUk5VVVI0VVZaelVXRkNlbEJTTlhsRGRqbFNNa05HTmpZdmJFMVpVazgwU1N0aU1rUlZhRXBsTjJ0cFZYSkRjMUZvYUZKUlZUbHJTVU5zVW14TFdEZDVPRWhtZW5KVFdHMXFjV2d4ZVZGQ2N5dERNR1JaVUhkb2FFWk1hMGxKZDFaaFZHMVViSGhTZVhWak5Gb3liV2N6Tnpkd1pYTTBNM1ZQVEZCeVZuWnlXbmhqTUdwcGExQTBjbU40WVV0d1FXTjRVVnBHTkZwcWFrcE5Sa2h1ZDFvdlUwNXNOMWR5TVhOR2IwWTVXR2d3Y2tZMlJrOTZTR1JhWjBaUFJsbEpVWHBSYjNweFFqRnFRazVIYjJKalJrVjJTVVl5Um05WlpESTVNVmhoUlRGNlpHOW9VMlZsYm1KS1ozaHlTMVJXVUM4MmNVdGhVV2haU2pGS2JIRjFkalZ3WWpobE4xQjJSWHBxV2tzd1UwRlpRMmROUkV0QksxUkpZbEJDVG5ScGFtaENlbloyYzBZMlJTOU1aRGwwTW5WWWRUWjZkVVJLU21Ob1VrcHdObmxHUWxVMVlXVkVTbGRpY1hneWJtMUNRbGRpT1VwNlVuTm1hamw2U1ZCeFVsa3pVM0pwYlZkNk0yRXJiSGR1TmxCNVl6QlVaek15UkVoWFZGbGlhamxHZGk5SFdtcDNaM2hsWlU1blVGUlNNamhyZVVST2RFWlJjWFprV0RSYWMzZFhabFZVZDNoR1dVTmtNUzlzV1dOUk5GbFdVVU5zTDFKRmJ6WXZWeko2YjJGUVUzTlBRMGh2YVVWdVptcFhaRGRVVG5VMlozcEZjaXMzV2swNWJEbFRNR1pVYTA1UU5reHhOMFpTSzJ4VmRFRmtSbFZHT1M5cFRuVTVkWEJFY0UxNlFraENkRVZ2YTI1WlN6TXpSV3RwTUhaWFIyRlBTRk5CY2xwU2RFOHdlamwyVTBRdmFGRjVTMEZxVlVOamFHdEJNazFWZERKVFVEaHljbTFLVWtsQ2JFOWxhRzlSV0RWRlRtdzJTVnBuYzJwYVNrVk5WMGhsTWxSa1FtVlhXRVppVmpOdGRtaEpORVJLUkhWblRsTkZXVUpTU1hCRFRVTkxXREJXV0RsSE0yNHlaVzFQU0U4M1IyVnZiWEJ0VDBWMVVtNXhlRVY0VmxOblNXUm1TelUzUkhaRk5WVjJjbWxYUTB0UE5XTXhiekIzT0VVcmRVTTFVR3BITWtodGIxbFBNbE5oUWswNWFIQk9iamcxTTBvMWVsTlZURzV3Y1UxNE9FZFpaWGsyWVRsT1lVcHRVMEZSUlRkT1NEUjZLMlJWVm5SM2JHa3ZSbGRHTUdkMFZXcGFZV2h5VDFFeGJEQmFRblJDVTFkMWQyNTZVRkpZTUhSMmRISjNZbWwxVm0xUlVtbHdXRmxFUkRCVmIzRTVSbWQyZHpCT1VtZG1SRWsxY1ZwblJFcE1MMnh5WldzNFpVWjVOQ3RwVDFCNE9VWllRVlJST0ZweGFEVjJRMWhFZUROemRYbFpVVkJKU1dkVFdHZzNjR0ZLVldOd2VuRnJjV0owYUhrNFNUZGpUak1yVGxaclltVTRTVE01VkhwRk9DdGFkRWxHYlhOV2IyRmFkM2xyVEUxVE5VdG1PRGx3V2k5U1VpdHlNR1UzYlVGM1RFNVVRVWRwZERsSU5FSlFjMUpoWVU1QlEwRTBiWGhyVTBjNFVYZE5jR3ROUjNsbU9FRXlXbkJOUjBVMVZqUjRMMVJ2T1U5NE5qUmpRVlkyZW1KVk4wTkNZbUp1UVQwOUlpd2laR0YwWVd0bGVTSTZJbVY1U2xGU1JtZHBUMmxLV1dOVlpEQmtia3BLVld0ck5XVlRkSGhsVlVvMlZtcENVRm94WkZOa1IzUmFWakZvVGxScVpFUlplbU42WldzeGRHVklUbXhPTW5od1RVYzFibU5FU21wT1JXeDBZVlZ3UkUweFNURmpSV2hLWVdwSmVVNXRXbWxXYldSV1ZFVk9kRlY1ZEd0V01IQkhUVzVrTVZVemJ6RmFibVJEVkROQ05HUldjRXhaTTBwMVkzcHJORkl4YkhSWGFrcEdUMFpOZVdFeWJFTmxSR1JhVTJ4b2JtSnFTVFZSVjJkMlVWWmFTbGRZVWpKUmF6VnlaREJzVWxOck5IcFJWa0owVjBkd1dtSldhRVpsUlZaSldtMUdORlpxVVRKTlZtc3paRmRrVlZWVVp6SlJibEpIVjBoR2RHSnNSbGhrUmtJeVZucGtjbFl3Y0RGU01qaHlVMWhTVEZJd1draGhWM2hIVkVaYVZrOVZWa2RpU0dSUlUyMUtjMk5IZEdsYWJVMDFaVmhvTVZZeVdsZFhibkEwWkZSV2VGZFhiRlJNTVdoVlRYcFNORkp0WkZsYVJFcFlVVEpaTTJNeFJUVmhNWEJXVVdzeFJVMVhPRE5XVnpWMllsVk9ZV0ZGYkdoa2JscE9Tek5PUjJSSWJGVmlhVGxPVGtkYWJXRldTak5PVldOMlN6QlNhMDlHY0VoU1Z6QjVXbXhaZVdWR1l6Qk9NMVowWlVoT2VXTnRXbkZqYlRGcVUwUkNhbFF6U2tSTE1FWk9Xa2MxUjFONmJGRldlbXhPWTBoR1NGSlVUa0pWUlRoNlZETmpPVkJUU1hOSmEyeENVa05KTmtsclRrSmhNMnh5VlZaTk5WTlZXbGhoYmtVeFdsYzFUR0ZGYkZwaE1FNTNUVEZyTlZwNlRrMUxNV1JDVGtoT2NGcFdjSGRoUnpoNFdYcGFNMDU2Vm5sVWJYZ3lZMFJzV1dWdFpGWldTRzl5VjI1V1JFMHhUa1JhYkVaMVUxZEZlVmRZVGpST01YQjFUMVZLUzAxVVZrSlpNR2N4WkZkVmVGUkljR3hrUmtKMVRtdFdXR0V3VWtSTWVtUm9Wbms1VEdWVmVIUlJhMVl3VlZkME1GVjZhRzVoVkd4U1Vtc3hhV1JIYkVkaFZFSXpVMjF6TUdWSFkzWlNiVTVzVTBVd01XRjZSa2RUYkU1SVZrZDBhMkpxUWxObFZuQklWVmRuZDAwd2JGWlhSR2cyVVZoa1FtRnJaRVpoTTJSclVtNW9TMVV3ZERaWFZVcDZZakF4V1dSdE1VWlNNMmhMVVc1YWRGWlVWakpWUkZadFlrWlNlVkpFYUV4a2JYaHRUbnBHYW1Gc1RrNWxWVFZ1VG0xNGRGUnFRa2hVUlhReVV6RldlV0ZYVWs5U1ZWWnpUV3hrZWxSVlVsZGlSbVJ1VlZOMFZGa3hWa1JOVlhSdFZWUlZlRXQ2V1RCaWExcHdXVE53ZDFkWVJsZGpXRXByVFRCd1lXTkhWalZYVmtwMldtcGFlR050V1RSa1ZFMHpUbXR2TTJJeFRuVmlWWE42VFZSWk1GZFlXVEZsV0ZaeVZFVjBNazVIVWpaTldHeHFaRzFPVVdKWGVITlJNalZwVWpKa2VHSjZaRzloYTBZeVdWZDRUVkZVTURsSmJqQTlJaXdpZG1WeWMybHZiaUk2SWpNaUxDSjBlWEJsSWpvaVJFRlVRVjlMUlZraUxDSmxlSEJwY21GMGFXOXVJam94Tmprd09UZzJNak00ZlE9PQ==",
            "expires_at": "2023-08-02T14:23:58Z",
            "id": "us-east-1",
            "password": "eyJwYXlsb2FkIjoiVjRSSExtY2pKZ3A0NmZ4T1JMT1Bla0lKZ245aVZBSFdVbjlsS1FIOG1EZEVhUzBUcFhaczRzZkhFQ1BFVlhlZk5LSjVpMjFWRzgxRlpuZU44V3d6VnlzUnZoWUoxV2FKaUNSNjhGRUV2Q1JRc3lFNXBzbGxtMDlaTVJLRkt6bm9xTHlJY3ZoWW9USUwwU2JhRTRRc25IMU1jdm8wbkx6L0VMUlVWdkU2enJscUMxblNHa0tPaTFQMUxNZldzajNFcGcxZ25jdzhNTnN0MU5RMEZKeS8vaEhINXJwaC9sc0FLNm9aMDZzRWFsYzFHRXdQbU5hZXk4aDd3VXM4Mys2dnpCTGx5Sm9uRzdWdjRNUUR4UVZzUWFCelBSNXlDdjlSMkNGNjYvbE1ZUk80SStiMkRVaEplN2tpVXJDc1FoaFJRVTlrSUNsUmxLWDd5OEhmenJTWG1qcWgxeVFCcytDMGRZUHdoaEZMa0lJd1ZhVG1UbHhSeXVjNFoybWczNzdwZXM0M3VPTFByVnZyWnhjMGppa1A0cmN4YUtwQWN4UVpGNFpqakpNRkhud1ovU05sN1dyMXNGb0Y5WGgwckY2Rk96SGRaZ0ZPRllJUXpRb3pxQjFqQk5Hb2JjRkV2SUYyRm9ZZDI5MVhhRTF6ZG9oU2VlbmJKZ3hyS1RWUC82cUthUWhZSjFKbHF1djVwYjhlN1B2RXpqWkswU0FZQ2dNREtBK1RJYlBCTnRpamhCenZ2c0Y2RS9MZDl0MnVYdTZ6dURKSmNoUkpwNnlGQlU1YWVESldicXgybm1CQldiOUp6UnNmajl6SVBxUlkzU3JpbVd6M2ErbHduNlB5YzBUZzMyREhXVFliajlGdi9HWmp3Z3hlZU5nUFRSMjhreUROdEZRcXZkWDRac3dXZlVUd3hGWUNkMS9sWWNRNFlWUUNsL1JFbzYvVzJ6b2FQU3NPQ0hvaUVuZmpXZDdUTnU2Z3pFcis3Wk05bDlTMGZUa05QNkxxN0ZSK2xVdEFkRlVGOS9pTnU5dXBEcE16QkhCdEVva25ZSzMzRWtpMHZXR2FPSFNBclpSdE8wejl2U0QvaFF5S0FqVUNjaGtBMk1VdDJTUDhycm1KUklCbE9laG9RWDVFTmw2SVpnc2paSkVNV0hlMlRkQmVXWEZiVjNtdmhJNERKRHVnTlNFWUJSSXBDTUNLWDBWWDlHM24yZW1PSE83R2VvbXBtT0V1Um5xeEV4VlNnSWRmSzU3RHZFNVV2cmlXQ0tPNWMxbzB3OEUrdUM1UGpHMkhtb1lPMlNhQk05aHBObjg1M0o1elNVTG5wcU14OEdZZXk2YTlOYUptU0FRRTdOSDR6K2RVVnR3bGkvRldGMGd0VWpaYWhyT1ExbDBaQnRCU1d1d256UFJYMHR2dHJ3Yml1Vm1RUmlwWFlERDBVb3E5Rmd2dzBOUmdmREk1cVpnREpML2xyZWs4ZUZ5NCtpT1B4OUZYQVRROFpxaDV2Q1hEeDNzdXlZUVBJSWdTWGg3cGFKVWNwenFrcWJ0aHk4STdjTjMrTlZrYmU4STM5VHpFOCtadElGbXNWb2Fad3lrTE1TNUtmODlwWi9SUityMGU3bUF3TE5UQUdpdDlINEJQc1JhYU5BQ0E0bXhrU0c4UXdNcGtNR3lmOEEyWnBNR0U1VjR4L1RvOU94NjRjQVY2emJVN0NCYmJuQT09IiwiZGF0YWtleSI6ImV5SlFSRmdpT2lKWWNVZDBkbkpKVWtrNWVTdHhlVUo2VmpCUFoxZFNkR3RaVjFoTlRqZERZemN6ZWsxdGVITmxOMnhwTUc1bmNESmpORWx0YVVwRE0xSTFjRWhKYWpJeU5tWmlWbWRWVEVOdFV5dGtWMHBHTW5kMVUzbzFabmRDVDNCNGRWcExZM0p1Y3prNFIxbHRXakpGT0ZNeWEybENlRGRaU2xobmJqSTVRV2d2UVZaSldYUjJRazVyZDBsUlNrNHpRVkJ0V0dwWmJWaEZlRVZJWm1GNFZqUTJNVmszZFdkVVVUZzJRblJHV0hGdGJsRlhkRkIyVnpkclYwcDFSMjhyU1hSTFIwWkhhV3hHVEZaVk9VVkdiSGRRU21Kc2NHdGlabU01ZVhoMVYyWldXbnA0ZFRWeFdXbFRMMWhVTXpSNFJtZFlaREpYUTJZM2MxRTVhMXBWUWsxRU1XODNWVzV2YlVOYWFFbGhkblpOSzNOR2RIbFViaTlOTkdabWFWSjNOVWN2SzBSa09GcEhSVzB5WmxZeWVGYzBOM1Z0ZUhOeWNtWnFjbTFqU0RCalQzSkRLMEZOWkc1R1N6bFFWemxOY0hGSFJUTkJVRTh6VDNjOVBTSXNJa2xCUkNJNklrTkJhM2xyVVZNNVNVWlhhbkUxWlc1TGFFbFphME53TTFrNVp6Tk1LMWRCTkhOcFpWcHdhRzh4WXpaM056VnlUbXgyY0RsWWVtZFZWSG9yV25WRE0xTkRabEZ1U1dFeVdYTjROMXB1T1VKS01UVkJZMGcxZFdVeFRIcGxkRkJ1TmtWWGEwUkRMemRoVnk5TGVVeHRRa1YwVVd0MFV6aG5hVGxSUmsxaWRHbEdhVEIzU21zMGVHY3ZSbU5sU0UwMWF6RkdTbE5IVkd0a2JqQlNlVnBIVVdnd00wbFZXRGg2UVhkQmFrZEZhM2RrUm5oS1UwdDZXVUp6YjAxWWRtMUZSM2hLUW5adFZUVjJVRFZtYkZSeVJEaExkbXhtTnpGamFsTk5lVTVuTm14dFRqQkhURXQyUzFWeWFXUk9SVVZzTWxkelRVUldiRmRuVVN0VFkxVkRNVXRtVVRVeEt6WTBia1pwWTNwd1dYRldjWEprTTBwYWNHVjVXVkp2WmpaeGNtWTRkVE0zTmtvM2IxTnViVXN6TVRZMFdYWTFlWFZyVEV0Mk5HUjZNWGxqZG1OUWJXeHNRMjVpUjJkeGJ6ZG9ha0YyWVd4TVFUMDlJbjA9IiwidmVyc2lvbiI6IjMiLCJ0eXBlIjoiREFUQV9LRVkiLCJleHBpcmF0aW9uIjoxNjkwOTg2MjM4fQ==",
            "user_name": "AWS"
          },
          "sensitive_attributes": []
        }
      ]
    },
    {
      "module": "module.eks",
      "mode": "data",
      "type": "aws_caller_identity",
      "name": "current",
      "provider": "provider[\"registry.terraform.io/hashicorp/aws\"]",
      "instances": [
        {
          "schema_version": 0,
          "attributes": {
            "account_id": "707508416284",
            "arn": "arn:aws:sts::707508416284:assumed-role/Admin/hellrosa-Isengard",
            "id": "707508416284",
            "user_id": "AROA2JOWJV4OBCY2JOWMD:hellrosa-Isengard"
          },
          "sensitive_attributes": []
        }
      ]
    },
    {
      "module": "module.eks",
      "mode": "data",
      "type": "aws_iam_policy_document",
      "name": "assume_role_policy",
      "provider": "provider[\"registry.terraform.io/hashicorp/aws\"]",
      "instances": [
        {
          "index_key": 0,
          "schema_version": 0,
          "attributes": {
            "id": "2764486067",
            "json": "{\n  \"Version\": \"2012-10-17\",\n  \"Statement\": [\n    {\n      \"Sid\": \"EKSClusterAssumeRole\",\n      \"Effect\": \"Allow\",\n      \"Action\": \"sts:AssumeRole\",\n      \"Principal\": {\n        \"Service\": \"eks.amazonaws.com\"\n      }\n    }\n  ]\n}",
            "override_policy_documents": null,
            "policy_id": null,
            "source_policy_documents": null,
            "statement": [
              {
                "actions": [
                  "sts:AssumeRole"
                ],
                "condition": [],
                "effect": "Allow",
                "not_actions": [],
                "not_principals": [],
                "not_resources": [],
                "principals": [
                  {
                    "identifiers": [
                      "eks.amazonaws.com"
                    ],
                    "type": "Service"
                  }
                ],
                "resources": [],
                "sid": "EKSClusterAssumeRole"
              }
            ],
            "version": "2012-10-17"
          },
          "sensitive_attributes": []
        }
      ]
    },
    {
      "module": "module.eks",
      "mode": "data",
      "type": "aws_iam_session_context",
      "name": "current",
      "provider": "provider[\"registry.terraform.io/hashicorp/aws\"]",
      "instances": [
        {
          "schema_version": 0,
          "attributes": {
            "arn": "arn:aws:sts::707508416284:assumed-role/Admin/hellrosa-Isengard",
            "id": "arn:aws:sts::707508416284:assumed-role/Admin/hellrosa-Isengard",
            "issuer_arn": "arn:aws:iam::707508416284:role/Admin",
            "issuer_id": "AROA2JOWJV4OBCY2JOWMD",
            "issuer_name": "Admin",
            "session_name": "hellrosa-Isengard"
          },
          "sensitive_attributes": []
        }
      ]
    },
    {
      "module": "module.eks",
      "mode": "data",
      "type": "aws_partition",
      "name": "current",
      "provider": "provider[\"registry.terraform.io/hashicorp/aws\"]",
      "instances": [
        {
          "schema_version": 0,
          "attributes": {
            "dns_suffix": "amazonaws.com",
            "id": "aws",
            "partition": "aws",
            "reverse_dns_prefix": "com.amazonaws"
          },
          "sensitive_attributes": []
        }
      ]
    },
    {
      "module": "module.eks",
      "mode": "data",
      "type": "tls_certificate",
      "name": "this",
      "provider": "provider[\"registry.terraform.io/hashicorp/tls\"]",
      "instances": [
        {
          "index_key": 0,
          "schema_version": 0,
          "attributes": {
            "certificates": [
              {
                "cert_pem": "-----BEGIN CERTIFICATE-----\nMIIEdTCCA12gAwIBAgIJAKcOSkw0grd/MA0GCSqGSIb3DQEBCwUAMGgxCzAJBgNV\nBAYTAlVTMSUwIwYDVQQKExxTdGFyZmllbGQgVGVjaG5vbG9naWVzLCBJbmMuMTIw\nMAYDVQQLEylTdGFyZmllbGQgQ2xhc3MgMiBDZXJ0aWZpY2F0aW9uIEF1dGhvcml0\neTAeFw0wOTA5MDIwMDAwMDBaFw0zNDA2MjgxNzM5MTZaMIGYMQswCQYDVQQGEwJV\nUzEQMA4GA1UECBMHQXJpem9uYTETMBEGA1UEBxMKU2NvdHRzZGFsZTElMCMGA1UE\nChMcU3RhcmZpZWxkIFRlY2hub2xvZ2llcywgSW5jLjE7MDkGA1UEAxMyU3RhcmZp\nZWxkIFNlcnZpY2VzIFJvb3QgQ2VydGlmaWNhdGUgQXV0aG9yaXR5IC0gRzIwggEi\nMA0GCSqGSIb3DQEBAQUAA4IBDwAwggEKAoIBAQDVDDrEKvlO4vW+GZdfjohTsR8/\ny8+fIBNtKTrID30892t2OGPZNmCom15cAICyL1l/9of5JUOG52kbUpqQ4XHj2C0N\nTm/2yEnZtvMaVq4rtnQU68/7JuMauh2WLmo7WJSJR1b/JaCTcFOD2oR0FMNnngRo\nOt+OQFodSk7PQ5E751bWAHDLUu57fa4657wx+UX2wmDPE1kCK4DMNEffud6QZW0C\nzyyRpqbn3oUYSXxmTqM6bam17jQuug0DuDPfR+uxa40l2ZvOgdFFRjKWcIfeAg5J\nQ4W2bHO7ZOphQazJ1FTfhy/HIrImzJ9ZVGif/L4qL8RVHHVAYBeFAlU5i38FAgMB\nAAGjgfAwge0wDwYDVR0TAQH/BAUwAwEB/zAOBgNVHQ8BAf8EBAMCAYYwHQYDVR0O\nBBYEFJxfAN+qAdcwKziIorhtSpzyEZGDMB8GA1UdIwQYMBaAFL9ft9HO3R+G9FtV\nrNzXEMIOqYjnME8GCCsGAQUFBwEBBEMwQTAcBggrBgEFBQcwAYYQaHR0cDovL28u\nc3MyLnVzLzAhBggrBgEFBQcwAoYVaHR0cDovL3guc3MyLnVzL3guY2VyMCYGA1Ud\nHwQfMB0wG6AZoBeGFWh0dHA6Ly9zLnNzMi51cy9yLmNybDARBgNVHSAECjAIMAYG\nBFUdIAAwDQYJKoZIhvcNAQELBQADggEBACMd44pXyn3pF3lM8R5V/cxTbj5HD9/G\nVfKyBDbtgB9TxF00KGu+x1X8Z+rLP3+QsjPNG1gQggL4+C/1E2DUBc7xgQjB3ad1\nl08YuW3e95ORCLp+QCztweq7dp4zBncdDQh/U90bZKuCJ/Fp1U1ervShw3WnWEQt\n8jxwmKy6abaVd38PMV4s/KCHOkdp8Hlf9BRUpJVeEXgSYCfOn8J3/yNTd126/+pZ\n59vPr5KW7ySaNRB6nJHGDn2Z9j8Z3/VyVOEVqQdZe4O/Ui5GjLIAZHYcSNPYeehu\nVsyuLAOQ1xk4meTKCRlb/weWsKh/NEnfVqn3sF/tM+2MR7cwA130A4w=\n-----END CERTIFICATE-----\n",
                "is_ca": true,
                "issuer": "OU=Starfield Class 2 Certification Authority,O=Starfield Technologies\\, Inc.,C=US",
                "not_after": "2034-06-28T17:39:16Z",
                "not_before": "2009-09-02T00:00:00Z",
                "public_key_algorithm": "RSA",
                "serial_number": "12037640545166866303",
                "sha1_fingerprint": "9e99a48a9960b14926bb7f3b02e22da2b0ab7280",
                "signature_algorithm": "SHA256-RSA",
                "subject": "CN=Starfield Services Root Certificate Authority - G2,O=Starfield Technologies\\, Inc.,L=Scottsdale,ST=Arizona,C=US",
                "version": 3
              },
              {
                "cert_pem": "-----BEGIN CERTIFICATE-----\nMIIEkjCCA3qgAwIBAgITBn+USionzfP6wq4rAfkI7rnExjANBgkqhkiG9w0BAQsF\nADCBmDELMAkGA1UEBhMCVVMxEDAOBgNVBAgTB0FyaXpvbmExEzARBgNVBAcTClNj\nb3R0c2RhbGUxJTAjBgNVBAoTHFN0YXJmaWVsZCBUZWNobm9sb2dpZXMsIEluYy4x\nOzA5BgNVBAMTMlN0YXJmaWVsZCBTZXJ2aWNlcyBSb290IENlcnRpZmljYXRlIEF1\ndGhvcml0eSAtIEcyMB4XDTE1MDUyNTEyMDAwMFoXDTM3MTIzMTAxMDAwMFowOTEL\nMAkGA1UEBhMCVVMxDzANBgNVBAoTBkFtYXpvbjEZMBcGA1UEAxMQQW1hem9uIFJv\nb3QgQ0EgMTCCASIwDQYJKoZIhvcNAQEBBQADggEPADCCAQoCggEBALJ4gHHKeNXj\nca9HgFB0fW7Y14h29Jlo91ghYPl0hAEvrAIthtOgQ3pOsqTQNroBvo3bSMgHFzZM\n9O6II8c+6zf1tRn4SWiw3te5djgdYZ6k/oI2peVKVuRF4fn9tBb6dNqcmzU5L/qw\nIFAGbHrQgLKm+a/sRxmPUDgH3KKHOVj4utWp+UhnMJbulHheb4mjUcAwhmahRWa6\nVOujw5H5SNz/0egwLX0tdHA114gk957EWW67c4cX8jJGKLhD+rcdqsq08p8kDi1L\n93FcXmn/6pUCyziKrlA4b9v7LWIbxcceVOF34GfID5yHI9Y/QCB/IIDEgEw+OyQm\njgSubJrIqg0CAwEAAaOCATEwggEtMA8GA1UdEwEB/wQFMAMBAf8wDgYDVR0PAQH/\nBAQDAgGGMB0GA1UdDgQWBBSEGMyFNOy8DJSULghZnMeyEE4KCDAfBgNVHSMEGDAW\ngBScXwDfqgHXMCs4iKK4bUqc8hGRgzB4BggrBgEFBQcBAQRsMGowLgYIKwYBBQUH\nMAGGImh0dHA6Ly9vY3NwLnJvb3RnMi5hbWF6b250cnVzdC5jb20wOAYIKwYBBQUH\nMAKGLGh0dHA6Ly9jcnQucm9vdGcyLmFtYXpvbnRydXN0LmNvbS9yb290ZzIuY2Vy\nMD0GA1UdHwQ2MDQwMqAwoC6GLGh0dHA6Ly9jcmwucm9vdGcyLmFtYXpvbnRydXN0\nLmNvbS9yb290ZzIuY3JsMBEGA1UdIAQKMAgwBgYEVR0gADANBgkqhkiG9w0BAQsF\nAAOCAQEAYjdCXLwQtT6LLOkMm2xF4gcAevnFWAu5CIw+7bMlPLVvUOTNNWqnkzSW\nMiGpSESrnO09tKpzbeR/FoCJbM8oAxiDR3mjEH4wW6w7sGDgd9QIpuEdfF7Au/ma\neyKdpwAJfqxGF4PcnCZXmTA5YpaP7dreqsXMGz7KQ2hsVxa81Q4gLv7/wmpdLqBK\nbRRYh5TmOTFffHPLkIhqhBGWJ6bt2YFGpn6jcgAKUj6DiAdjd4lpFw85hdKrCEVN\n0FE6/V1dN2RMfjCyVSRCnTawXZwXgWHxyvkQAiSr6w10kY17RSlQOYiypok1JR4U\nakcjMS9cmvqtmg5iUaQqqcT5NJ0hGA==\n-----END CERTIFICATE-----\n",
                "is_ca": true,
                "issuer": "CN=Starfield Services Root Certificate Authority - G2,O=Starfield Technologies\\, Inc.,L=Scottsdale,ST=Arizona,C=US",
                "not_after": "2037-12-31T01:00:00Z",
                "not_before": "2015-05-25T12:00:00Z",
                "public_key_algorithm": "RSA",
                "serial_number": "144918191876577076464031512351042010504348870",
                "sha1_fingerprint": "06b25927c42a721631c1efd9431e648fa62e1e39",
                "signature_algorithm": "SHA256-RSA",
                "subject": "CN=Amazon Root CA 1,O=Amazon,C=US",
                "version": 3
              },
              {
                "cert_pem": "-----BEGIN CERTIFICATE-----\nMIIEXjCCA0agAwIBAgITB3MSOAudZoijOx7Zv5zNpo4ODzANBgkqhkiG9w0BAQsF\nADA5MQswCQYDVQQGEwJVUzEPMA0GA1UEChMGQW1hem9uMRkwFwYDVQQDExBBbWF6\nb24gUm9vdCBDQSAxMB4XDTIyMDgyMzIyMjEyOFoXDTMwMDgyMzIyMjEyOFowPDEL\nMAkGA1UEBhMCVVMxDzANBgNVBAoTBkFtYXpvbjEcMBoGA1UEAxMTQW1hem9uIFJT\nQSAyMDQ4IE0wMTCCASIwDQYJKoZIhvcNAQEBBQADggEPADCCAQoCggEBAOtxLKnL\nH4gokjIwr4pXD3i3NyWVVYesZ1yX0yLI2qIUZ2t88Gfa4gMqs1YSXca1R/lnCKeT\nepWSGA+0+fkQNpp/L4C2T7oTTsddUx7g3ZYzByDTlrwS5HRQQqEFE3O1T5tEJP4t\nf+28IoXsNiEzl3UGzicYgtzj2cWCB41eJgEmJmcf2T8TzzK6a614ZPyq/w4CPAff\nnAV4coz96nW3AyiE2uhuB4zQUIXvgVSycW7sbWLvj5TDXunEpNCRwC4kkZjK7rol\njtT2cbb7W2s4Bkg3R42G3PLqBvt2N32e/0JOTViCk8/iccJ4sXqrS1uUN4iB5Nmv\nJK74csVl+0u0UecCAwEAAaOCAVowggFWMBIGA1UdEwEB/wQIMAYBAf8CAQAwDgYD\nVR0PAQH/BAQDAgGGMB0GA1UdJQQWMBQGCCsGAQUFBwMBBggrBgEFBQcDAjAdBgNV\nHQ4EFgQUgbgOY4qJEhjl+js7UJWf5uWQE4UwHwYDVR0jBBgwFoAUhBjMhTTsvAyU\nlC4IWZzHshBOCggwewYIKwYBBQUHAQEEbzBtMC8GCCsGAQUFBzABhiNodHRwOi8v\nb2NzcC5yb290Y2ExLmFtYXpvbnRydXN0LmNvbTA6BggrBgEFBQcwAoYuaHR0cDov\nL2NydC5yb290Y2ExLmFtYXpvbnRydXN0LmNvbS9yb290Y2ExLmNlcjA/BgNVHR8E\nODA2MDSgMqAwhi5odHRwOi8vY3JsLnJvb3RjYTEuYW1hem9udHJ1c3QuY29tL3Jv\nb3RjYTEuY3JsMBMGA1UdIAQMMAowCAYGZ4EMAQIBMA0GCSqGSIb3DQEBCwUAA4IB\nAQCtAN4CBSMuBjJitGuxlBbkEUDeK/pZwTXv4KqPK0G50fOHOQAd8j21p0cMBgbG\nkfMHVwLU7b0XwZCav0h1ogdPMN1KakK1DT0VwA/+hFvGPJnMV1Kx2G4S1ZaSk0uU\n5QfoiYIIano01J5k4T2HapKQmmOhS/iPtuo00wW+IMLeBuKMn3OLn005hcrOGTad\nhcmeyfhQP7Z+iKHvyoQGi1C0ClymHETx/chhQGDyYSWqB/THwnN15AwLQo0E5V9E\nSJlbe4mBlqeInUsNYugExNf+tOiybcrswBy8OFsd34XOW3rjSUtsuafd9AWySa3h\nxRRrwszrzX/WWGm6wyB+f7C4\n-----END CERTIFICATE-----\n",
                "is_ca": true,
                "issuer": "CN=Amazon Root CA 1,O=Amazon,C=US",
                "not_after": "2030-08-23T22:21:28Z",
                "not_before": "2022-08-23T22:21:28Z",
                "public_key_algorithm": "RSA",
                "serial_number": "166129328851546858514271303855646110030630415",
                "sha1_fingerprint": "2ad974a775f73cbdbbd8f5ac3a49255fa8fb1f8c",
                "signature_algorithm": "SHA256-RSA",
                "subject": "CN=Amazon RSA 2048 M01,O=Amazon,C=US",
                "version": 3
              },
              {
                "cert_pem": "-----BEGIN CERTIFICATE-----\nMIIF7TCCBNWgAwIBAgIQDAMZajMylZveIhA3JfaDkzANBgkqhkiG9w0BAQsFADA8\nMQswCQYDVQQGEwJVUzEPMA0GA1UEChMGQW1hem9uMRwwGgYDVQQDExNBbWF6b24g\nUlNBIDIwNDggTTAxMB4XDTIzMDQxMzAwMDAwMFoXDTI0MDUxMTIzNTk1OVowKzEp\nMCcGA1UEAxMgb2lkYy5la3MudXMtd2VzdC0yLmFtYXpvbmF3cy5jb20wggEiMA0G\nCSqGSIb3DQEBAQUAA4IBDwAwggEKAoIBAQCPZcUrPoakGvhWyoBhbOpCizY18tRP\nck5uA2m0p4CqnFVP0qU8whlmtAALUGkpMBg11VmEjRqW09l36Mg+1IzP1VHQTTc4\nJJa9jCibHsYRNyIdh3d4CoW1tV+5TQFZ7dcuK3a5XMPRVe+LdeBB+UjHky/kvgkZ\nwQAC0EGp4jztSxEiaiLH7hDhEugUR6yJNgD29Qd1LnovJ6zs8nUd719Dh5x/etWJ\n3z04TKzhriTz+9FEE4Xrl2k0qZxQsKGRtsqE+Ra9ZpytFNCVSL8EK2zlb97umWwJ\nyhG/fdvKfOuMX7qUAuWzgaaPlkQDibDQjY6OTfFbfKMDDVTFtQEbUQD9AgMBAAGj\nggL6MIIC9jAfBgNVHSMEGDAWgBSBuA5jiokSGOX6OztQlZ/m5ZAThTAdBgNVHQ4E\nFgQUnBmr23OxmnGzVwNOzSVgMw1pQcAwKwYDVR0RBCQwIoIgb2lkYy5la3MudXMt\nd2VzdC0yLmFtYXpvbmF3cy5jb20wDgYDVR0PAQH/BAQDAgWgMB0GA1UdJQQWMBQG\nCCsGAQUFBwMBBggrBgEFBQcDAjA7BgNVHR8ENDAyMDCgLqAshipodHRwOi8vY3Js\nLnIybTAxLmFtYXpvbnRydXN0LmNvbS9yMm0wMS5jcmwwEwYDVR0gBAwwCjAIBgZn\ngQwBAgEwdQYIKwYBBQUHAQEEaTBnMC0GCCsGAQUFBzABhiFodHRwOi8vb2NzcC5y\nMm0wMS5hbWF6b250cnVzdC5jb20wNgYIKwYBBQUHMAKGKmh0dHA6Ly9jcnQucjJt\nMDEuYW1hem9udHJ1c3QuY29tL3IybTAxLmNlcjAMBgNVHRMBAf8EAjAAMIIBfwYK\nKwYBBAHWeQIEAgSCAW8EggFrAWkAdwDuzdBk1dsazsVct520zROiModGfLzs3sNR\nSFlGcR+1mwAAAYd4O9dqAAAEAwBIMEYCIQDO28u4eYZCvCNjZhMZSsB3Fu8VJImr\nv2a0i5AF9PbvWQIhANQcunFuOYph/lhOvSqw3+XlDR1ML8OJKtfL713/7n93AHYA\nSLDja9qmRzQP5WoC+p0w6xxSActW3SyB2bu/qznYhHMAAAGHeDvXmAAABAMARzBF\nAiEAr28QhaZMvCEmxdb9dVBYR4ov5aHr89pGPiGzAkix8AECIBMKc+QxtzcAJMHS\nDtAfbHwfbXbp4czqmiB5TTirm8FxAHYA2ra/az+1tiKfm8K7XGvocJFxbLtRhIU0\nvaQ9MEjX+6sAAAGHeDvXZQAABAMARzBFAiBoclNKW27c9oUdEGfcDF0v2c52pQQQ\nDkvL6wnA5xY5egIhANSogtAL30hmiOGf4yRIFTcIlt1rL855WMmgvhPD3HCUMA0G\nCSqGSIb3DQEBCwUAA4IBAQAvv031iNDVLeCL0kQ7VQDSuS9IzR9p8Vuccc08WBP6\n1Iqmiveq3k/wSwXhKxw4vaxvzpIXUaW/IEfRKXd+BuRtJmz+mfZmNvaB7CPp007+\nMbCblsrfvGBwHvORZy5jPRxHfoxto/FuJDvQVUfVB60gBjG602yAU6wipPmzNHTs\nOQ6+xp0t6e/P31czkpWvZWeEhBRexRkRaU5UoIY2+M07kGQePfdaJtqQbefHmDSc\nj2kx2HU3kCEiFjQr56+cPhzQNAjsRAR/9EIc0QHj1jdVTimMvYQ4nMa6VqsvmtWT\nm7oLVSrA4/8EhLS5SRwlGIYYjmv+pwkHydqYzEcKA0lz\n-----END CERTIFICATE-----\n",
                "is_ca": false,
                "issuer": "CN=Amazon RSA 2048 M01,O=Amazon,C=US",
                "not_after": "2024-05-11T23:59:59Z",
                "not_before": "2023-04-13T00:00:00Z",
                "public_key_algorithm": "RSA",
                "serial_number": "15966828314264801061238642629783487379",
                "sha1_fingerprint": "e1d31a1f94725daaef02dcf1c1bb0ff4a28a6060",
                "signature_algorithm": "SHA256-RSA",
                "subject": "CN=oidc.eks.us-west-2.amazonaws.com",
                "version": 3
              }
            ],
            "content": null,
            "id": "34b882443ccd2d1a84de1dbac994b28b7f371f17",
            "url": "https://oidc.eks.us-west-2.amazonaws.com/id/3F45BBF4C8195BC2C42E730256EC0D6D",
            "verify_chain": true
          },
          "sensitive_attributes": []
        }
      ]
    },
    {
      "module": "module.eks",
      "mode": "managed",
      "type": "aws_cloudwatch_log_group",
      "name": "this",
      "provider": "provider[\"registry.terraform.io/hashicorp/aws\"]",
      "instances": [
        {
          "index_key": 0,
          "schema_version": 0,
          "attributes": {
            "arn": "arn:aws:logs:us-west-2:707508416284:log-group:/aws/eks/cluster-eks/cluster",
            "id": "/aws/eks/cluster-eks/cluster",
            "kms_key_id": "",
            "name": "/aws/eks/cluster-eks/cluster",
            "name_prefix": "",
            "retention_in_days": 90,
            "skip_destroy": false,
            "tags": {
              "Blueprint": "cluster-eks",
              "GithubRepo": "github.com/aws-ia/terraform-aws-eks-blueprints",
              "Name": "/aws/eks/cluster-eks/cluster",
              "karpenter.sh/discovery": "cluster-eks"
            },
            "tags_all": {
              "Blueprint": "cluster-eks",
              "GithubRepo": "github.com/aws-ia/terraform-aws-eks-blueprints",
              "Name": "/aws/eks/cluster-eks/cluster",
              "karpenter.sh/discovery": "cluster-eks"
            }
          },
          "sensitive_attributes": [],
          "private": "bnVsbA==",
          "create_before_destroy": true
        }
      ]
    },
    {
      "module": "module.eks",
      "mode": "managed",
      "type": "aws_ec2_tag",
      "name": "cluster_primary_security_group",
      "provider": "provider[\"registry.terraform.io/hashicorp/aws\"]",
      "instances": [
        {
          "index_key": "Blueprint",
          "schema_version": 0,
          "attributes": {
            "id": "sg-05768a9a7b89c747c,Blueprint",
            "key": "Blueprint",
            "resource_id": "sg-05768a9a7b89c747c",
            "value": "cluster-eks"
          },
          "sensitive_attributes": [],
          "private": "bnVsbA==",
          "dependencies": [
            "data.aws_availability_zones.available",
            "module.eks.aws_cloudwatch_log_group.this",
            "module.eks.aws_eks_cluster.this",
            "module.eks.aws_iam_policy.cni_ipv6_policy",
            "module.eks.aws_iam_role.this",
            "module.eks.aws_iam_role_policy_attachment.this",
            "module.eks.aws_security_group.cluster",
            "module.eks.aws_security_group.node",
            "module.eks.aws_security_group_rule.cluster",
            "module.eks.aws_security_group_rule.node",
            "module.eks.data.aws_caller_identity.current",
            "module.eks.data.aws_iam_policy_document.assume_role_policy",
            "module.eks.data.aws_iam_policy_document.cni_ipv6_policy",
            "module.eks.data.aws_iam_session_context.current",
            "module.eks.data.aws_partition.current",
            "module.eks.module.kms.aws_kms_external_key.this",
            "module.eks.module.kms.aws_kms_key.this",
            "module.eks.module.kms.data.aws_caller_identity.current",
            "module.eks.module.kms.data.aws_iam_policy_document.this",
            "module.eks.module.kms.data.aws_partition.current",
            "module.vpc.aws_subnet.private",
            "module.vpc.aws_vpc.this",
            "module.vpc.aws_vpc_ipv4_cidr_block_association.this"
          ]
        },
        {
          "index_key": "GithubRepo",
          "schema_version": 0,
          "attributes": {
            "id": "sg-05768a9a7b89c747c,GithubRepo",
            "key": "GithubRepo",
            "resource_id": "sg-05768a9a7b89c747c",
            "value": "github.com/aws-ia/terraform-aws-eks-blueprints"
          },
          "sensitive_attributes": [],
          "private": "bnVsbA==",
          "dependencies": [
            "data.aws_availability_zones.available",
            "module.eks.aws_cloudwatch_log_group.this",
            "module.eks.aws_eks_cluster.this",
            "module.eks.aws_iam_policy.cni_ipv6_policy",
            "module.eks.aws_iam_role.this",
            "module.eks.aws_iam_role_policy_attachment.this",
            "module.eks.aws_security_group.cluster",
            "module.eks.aws_security_group.node",
            "module.eks.aws_security_group_rule.cluster",
            "module.eks.aws_security_group_rule.node",
            "module.eks.data.aws_caller_identity.current",
            "module.eks.data.aws_iam_policy_document.assume_role_policy",
            "module.eks.data.aws_iam_policy_document.cni_ipv6_policy",
            "module.eks.data.aws_iam_session_context.current",
            "module.eks.data.aws_partition.current",
            "module.eks.module.kms.aws_kms_external_key.this",
            "module.eks.module.kms.aws_kms_key.this",
            "module.eks.module.kms.data.aws_caller_identity.current",
            "module.eks.module.kms.data.aws_iam_policy_document.this",
            "module.eks.module.kms.data.aws_partition.current",
            "module.vpc.aws_subnet.private",
            "module.vpc.aws_vpc.this",
            "module.vpc.aws_vpc_ipv4_cidr_block_association.this"
          ]
        },
        {
          "index_key": "karpenter.sh/discovery",
          "schema_version": 0,
          "attributes": {
            "id": "sg-05768a9a7b89c747c,karpenter.sh/discovery",
            "key": "karpenter.sh/discovery",
            "resource_id": "sg-05768a9a7b89c747c",
            "value": "cluster-eks"
          },
          "sensitive_attributes": [],
          "private": "bnVsbA==",
          "dependencies": [
            "data.aws_availability_zones.available",
            "module.eks.aws_cloudwatch_log_group.this",
            "module.eks.aws_eks_cluster.this",
            "module.eks.aws_iam_policy.cni_ipv6_policy",
            "module.eks.aws_iam_role.this",
            "module.eks.aws_iam_role_policy_attachment.this",
            "module.eks.aws_security_group.cluster",
            "module.eks.aws_security_group.node",
            "module.eks.aws_security_group_rule.cluster",
            "module.eks.aws_security_group_rule.node",
            "module.eks.data.aws_caller_identity.current",
            "module.eks.data.aws_iam_policy_document.assume_role_policy",
            "module.eks.data.aws_iam_policy_document.cni_ipv6_policy",
            "module.eks.data.aws_iam_session_context.current",
            "module.eks.data.aws_partition.current",
            "module.eks.module.kms.aws_kms_external_key.this",
            "module.eks.module.kms.aws_kms_key.this",
            "module.eks.module.kms.data.aws_caller_identity.current",
            "module.eks.module.kms.data.aws_iam_policy_document.this",
            "module.eks.module.kms.data.aws_partition.current",
            "module.vpc.aws_subnet.private",
            "module.vpc.aws_vpc.this",
            "module.vpc.aws_vpc_ipv4_cidr_block_association.this"
          ]
        }
      ]
    },
    {
      "module": "module.eks",
      "mode": "managed",
      "type": "aws_eks_cluster",
      "name": "this",
      "provider": "provider[\"registry.terraform.io/hashicorp/aws\"]",
      "instances": [
        {
          "index_key": 0,
          "schema_version": 0,
          "attributes": {
            "arn": "arn:aws:eks:us-west-2:707508416284:cluster/cluster-eks",
            "certificate_authority": [
              {
                "data": "LS0tLS1CRUdJTiBDRVJUSUZJQ0FURS0tLS0tCk1JSUMvakNDQWVhZ0F3SUJBZ0lCQURBTkJna3Foa2lHOXcwQkFRc0ZBREFWTVJNd0VRWURWUVFERXdwcmRXSmwKY201bGRHVnpNQjRYRFRJek1EZ3dNakF5TVRVd09Gb1hEVE16TURjek1EQXlNVFV3T0Zvd0ZURVRNQkVHQTFVRQpBeE1LYTNWaVpYSnVaWFJsY3pDQ0FTSXdEUVlKS29aSWh2Y05BUUVCQlFBRGdnRVBBRENDQVFvQ2dnRUJBS2ozCko2QzlINU9aNWFlR0VVb0dHVnEzNlJSS3cxbVU2eW16TXdxTVluMHEwZTVlQkoxdFJEY2tUNlF4b0ptRGpDbGgKakg1Z3MvN0wva2lnTnRkVEkvd1g4T05URHVlblFaOUxRSXd2aDBzQTlieHMxRTY1YWtzbERRL2J6bGpOdzhmNQphbGU2ZjZROEd3ZTJHbUhVN1E1NEFZSHFVakxTNk0wM1VCR1krcHhHWHVlcmlqS1d2OGdIZ1FKdWtpZVl1Qkc4CnFBVWNGdUdHMmZsNWFnaTExZmZjbUQ5bzNPRXk5anFDY0kzRmNvU0FVc2Q5Q3Z3UUo4MEdjemc3ZTJscGJPOGYKWkVpaW1ubG8vaU42NmhEeUNrcDNRNXpBV0M5blhtWldVelMyS1Rjd2szcWVRTzRvcVF1dExocmlPZWVhRXV0UQpwb1dTYmNyZXFSOXlFeG15RXFNQ0F3RUFBYU5aTUZjd0RnWURWUjBQQVFIL0JBUURBZ0trTUE4R0ExVWRFd0VCCi93UUZNQU1CQWY4d0hRWURWUjBPQkJZRUZOL2kxZHo3dURYUHNzNy9mZ0h0bzlMTEpkMzdNQlVHQTFVZEVRUU8KTUF5Q0NtdDFZbVZ5Ym1WMFpYTXdEUVlKS29aSWh2Y05BUUVMQlFBRGdnRUJBRlROa0xPZDg0eGJwbnlqUVJleApMK1FuTndldWVneWtzNERDVi9QdTlybEttYlowSUJQakFoTEQ2a05NazdKR2RoMEFXbisvRDB5VHZ5RnB2TGE4CnM0bno2cUxjVlRBL2Joek5VNzJEZ2VtUDBNbS9MTEM5L1VSaDk0RnIxaTRpdnYvMzBaRG5QQ1UzUXViaFR1ZVUKVW8yTXIvV2FYalI1RDd0OExLRStoZVIwbDJOVzV4U3JNNmVLa1dpZkNrQTdRNUt5dksvZFJvL0NmWk03cGN3NgpmUzh6Z0dmb1NsZm00YmQyS2lBV0FBUk5GL2pJSFFxZEFTMnFZdk9XSHQ4SWQ1dWFrYWxnWUl6ZEZ2bEExNmYyCkZlRTNRNlhUa0R3ejU4dHFxaXEzOGl3NDNSemtEbDRSVCt0N3ZwSTNEVFNzY1JCZnpOeGVaMUt3SDRpOHErWi8KUXNrPQotLS0tLUVORCBDRVJUSUZJQ0FURS0tLS0tCg=="
              }
            ],
            "cluster_id": null,
            "created_at": "2023-08-02 02:10:57.424 +0000 UTC",
            "enabled_cluster_log_types": [
              "api",
              "audit",
              "authenticator"
            ],
            "encryption_config": [
              {
                "provider": [
                  {
                    "key_arn": "arn:aws:kms:us-west-2:707508416284:key/0c7b3481-dcd8-4ddc-a46e-3282a68f7daf"
                  }
                ],
                "resources": [
                  "secrets"
                ]
              }
            ],
            "endpoint": "https://3F45BBF4C8195BC2C42E730256EC0D6D.gr7.us-west-2.eks.amazonaws.com",
            "id": "cluster-eks",
            "identity": [
              {
                "oidc": [
                  {
                    "issuer": "https://oidc.eks.us-west-2.amazonaws.com/id/3F45BBF4C8195BC2C42E730256EC0D6D"
                  }
                ]
              }
            ],
            "kubernetes_network_config": [
              {
                "ip_family": "ipv4",
                "service_ipv4_cidr": "172.20.0.0/16",
                "service_ipv6_cidr": ""
              }
            ],
            "name": "cluster-eks",
            "outpost_config": [],
            "platform_version": "eks.3",
            "role_arn": "arn:aws:iam::707508416284:role/cluster-eks-cluster-20230802021026849900000003",
            "status": "ACTIVE",
            "tags": {
              "Blueprint": "cluster-eks",
              "GithubRepo": "github.com/aws-ia/terraform-aws-eks-blueprints",
              "karpenter.sh/discovery": "cluster-eks"
            },
            "tags_all": {
              "Blueprint": "cluster-eks",
              "GithubRepo": "github.com/aws-ia/terraform-aws-eks-blueprints",
              "karpenter.sh/discovery": "cluster-eks"
            },
            "timeouts": {
              "create": null,
              "delete": null,
              "update": null
            },
            "version": "1.27",
            "vpc_config": [
              {
                "cluster_security_group_id": "sg-05768a9a7b89c747c",
                "endpoint_private_access": true,
                "endpoint_public_access": true,
                "public_access_cidrs": [
                  "0.0.0.0/0"
                ],
                "security_group_ids": [],
                "subnet_ids": [
                  "subnet-0628c1c48014ae6b9",
                  "subnet-0de049826ab6c7005",
                  "subnet-0f4751186e9a49b1d"
                ],
                "vpc_id": "vpc-0d502fb1cf3a0e484"
              }
            ]
          },
          "sensitive_attributes": [],
          "private": "eyJlMmJmYjczMC1lY2FhLTExZTYtOGY4OC0zNDM2M2JjN2M0YzAiOnsiY3JlYXRlIjoxODAwMDAwMDAwMDAwLCJkZWxldGUiOjkwMDAwMDAwMDAwMCwidXBkYXRlIjozNjAwMDAwMDAwMDAwfX0=",
          "dependencies": [
            "data.aws_availability_zones.available",
            "module.eks.aws_cloudwatch_log_group.this",
            "module.eks.aws_iam_policy.cni_ipv6_policy",
            "module.eks.aws_iam_role.this",
            "module.eks.aws_iam_role_policy_attachment.this",
            "module.eks.aws_security_group.cluster",
            "module.eks.aws_security_group.node",
            "module.eks.aws_security_group_rule.cluster",
            "module.eks.aws_security_group_rule.node",
            "module.eks.data.aws_caller_identity.current",
            "module.eks.data.aws_iam_policy_document.assume_role_policy",
            "module.eks.data.aws_iam_policy_document.cni_ipv6_policy",
            "module.eks.data.aws_iam_session_context.current",
            "module.eks.data.aws_partition.current",
            "module.eks.module.kms.aws_kms_external_key.this",
            "module.eks.module.kms.aws_kms_key.this",
            "module.eks.module.kms.data.aws_caller_identity.current",
            "module.eks.module.kms.data.aws_iam_policy_document.this",
            "module.eks.module.kms.data.aws_partition.current",
            "module.vpc.aws_subnet.private",
            "module.vpc.aws_vpc.this",
            "module.vpc.aws_vpc_ipv4_cidr_block_association.this"
          ],
          "create_before_destroy": true
        }
      ]
    },
    {
      "module": "module.eks",
      "mode": "managed",
      "type": "aws_iam_openid_connect_provider",
      "name": "oidc_provider",
      "provider": "provider[\"registry.terraform.io/hashicorp/aws\"]",
      "instances": [
        {
          "index_key": 0,
          "schema_version": 0,
          "attributes": {
            "arn": "arn:aws:iam::707508416284:oidc-provider/oidc.eks.us-west-2.amazonaws.com/id/3F45BBF4C8195BC2C42E730256EC0D6D",
            "client_id_list": [
              "sts.amazonaws.com"
            ],
            "id": "arn:aws:iam::707508416284:oidc-provider/oidc.eks.us-west-2.amazonaws.com/id/3F45BBF4C8195BC2C42E730256EC0D6D",
            "tags": {
              "Blueprint": "cluster-eks",
              "GithubRepo": "github.com/aws-ia/terraform-aws-eks-blueprints",
              "Name": "cluster-eks-eks-irsa",
              "karpenter.sh/discovery": "cluster-eks"
            },
            "tags_all": {
              "Blueprint": "cluster-eks",
              "GithubRepo": "github.com/aws-ia/terraform-aws-eks-blueprints",
              "Name": "cluster-eks-eks-irsa",
              "karpenter.sh/discovery": "cluster-eks"
            },
            "thumbprint_list": [
              "9e99a48a9960b14926bb7f3b02e22da2b0ab7280",
              "06b25927c42a721631c1efd9431e648fa62e1e39",
              "2ad974a775f73cbdbbd8f5ac3a49255fa8fb1f8c",
              "e1d31a1f94725daaef02dcf1c1bb0ff4a28a6060"
            ],
            "url": "oidc.eks.us-west-2.amazonaws.com/id/3F45BBF4C8195BC2C42E730256EC0D6D"
          },
          "sensitive_attributes": [],
          "private": "bnVsbA==",
          "dependencies": [
            "data.aws_availability_zones.available",
            "module.eks.aws_cloudwatch_log_group.this",
            "module.eks.aws_eks_cluster.this",
            "module.eks.aws_iam_policy.cni_ipv6_policy",
            "module.eks.aws_iam_role.this",
            "module.eks.aws_iam_role_policy_attachment.this",
            "module.eks.aws_security_group.cluster",
            "module.eks.aws_security_group.node",
            "module.eks.aws_security_group_rule.cluster",
            "module.eks.aws_security_group_rule.node",
            "module.eks.data.aws_caller_identity.current",
            "module.eks.data.aws_iam_policy_document.assume_role_policy",
            "module.eks.data.aws_iam_policy_document.cni_ipv6_policy",
            "module.eks.data.aws_iam_session_context.current",
            "module.eks.data.aws_partition.current",
            "module.eks.data.tls_certificate.this",
            "module.eks.module.kms.aws_kms_external_key.this",
            "module.eks.module.kms.aws_kms_key.this",
            "module.eks.module.kms.data.aws_caller_identity.current",
            "module.eks.module.kms.data.aws_iam_policy_document.this",
            "module.eks.module.kms.data.aws_partition.current",
            "module.vpc.aws_subnet.private",
            "module.vpc.aws_vpc.this",
            "module.vpc.aws_vpc_ipv4_cidr_block_association.this"
          ]
        }
      ]
    },
    {
      "module": "module.eks",
      "mode": "managed",
      "type": "aws_iam_policy",
      "name": "cluster_encryption",
      "provider": "provider[\"registry.terraform.io/hashicorp/aws\"]",
      "instances": [
        {
          "index_key": 0,
          "schema_version": 0,
          "attributes": {
            "arn": "arn:aws:iam::707508416284:policy/cluster-eks-cluster-ClusterEncryption2023080202105527160000000a",
            "description": "Cluster encryption policy to allow cluster role to utilize CMK provided",
            "id": "arn:aws:iam::707508416284:policy/cluster-eks-cluster-ClusterEncryption2023080202105527160000000a",
            "name": "cluster-eks-cluster-ClusterEncryption2023080202105527160000000a",
            "name_prefix": "cluster-eks-cluster-ClusterEncryption",
            "path": "/",
            "policy": "{\"Statement\":[{\"Action\":[\"kms:Encrypt\",\"kms:Decrypt\",\"kms:ListGrants\",\"kms:DescribeKey\"],\"Effect\":\"Allow\",\"Resource\":\"arn:aws:kms:us-west-2:707508416284:key/0c7b3481-dcd8-4ddc-a46e-3282a68f7daf\"}],\"Version\":\"2012-10-17\"}",
            "policy_id": "ANPA2JOWJV4OOFUBDGT4M",
            "tags": {
              "Blueprint": "cluster-eks",
              "GithubRepo": "github.com/aws-ia/terraform-aws-eks-blueprints",
              "karpenter.sh/discovery": "cluster-eks"
            },
            "tags_all": {
              "Blueprint": "cluster-eks",
              "GithubRepo": "github.com/aws-ia/terraform-aws-eks-blueprints",
              "karpenter.sh/discovery": "cluster-eks"
            }
          },
          "sensitive_attributes": [],
          "private": "bnVsbA==",
          "dependencies": [
            "module.eks.aws_iam_role.this",
            "module.eks.data.aws_caller_identity.current",
            "module.eks.data.aws_iam_policy_document.assume_role_policy",
            "module.eks.data.aws_iam_session_context.current",
            "module.eks.data.aws_partition.current",
            "module.eks.module.kms.aws_kms_external_key.this",
            "module.eks.module.kms.aws_kms_key.this",
            "module.eks.module.kms.data.aws_caller_identity.current",
            "module.eks.module.kms.data.aws_iam_policy_document.this",
            "module.eks.module.kms.data.aws_partition.current"
          ]
        }
      ]
    },
    {
      "module": "module.eks",
      "mode": "managed",
      "type": "aws_iam_role",
      "name": "this",
      "provider": "provider[\"registry.terraform.io/hashicorp/aws\"]",
      "instances": [
        {
          "index_key": 0,
          "schema_version": 0,
          "attributes": {
            "arn": "arn:aws:iam::707508416284:role/cluster-eks-cluster-20230802021026849900000003",
            "assume_role_policy": "{\"Statement\":[{\"Action\":\"sts:AssumeRole\",\"Effect\":\"Allow\",\"Principal\":{\"Service\":\"eks.amazonaws.com\"},\"Sid\":\"EKSClusterAssumeRole\"}],\"Version\":\"2012-10-17\"}",
            "create_date": "2023-08-02T02:10:27Z",
            "description": "",
            "force_detach_policies": true,
            "id": "cluster-eks-cluster-20230802021026849900000003",
            "inline_policy": [
              {
                "name": "cluster-eks-cluster",
                "policy": "{\"Version\":\"2012-10-17\",\"Statement\":[{\"Action\":[\"logs:CreateLogGroup\"],\"Effect\":\"Deny\",\"Resource\":\"*\"}]}"
              }
            ],
            "managed_policy_arns": [
              "arn:aws:iam::707508416284:policy/cluster-eks-cluster-ClusterEncryption2023080202105527160000000a",
              "arn:aws:iam::aws:policy/AmazonEKSClusterPolicy",
              "arn:aws:iam::aws:policy/AmazonEKSVPCResourceController"
            ],
            "max_session_duration": 3600,
            "name": "cluster-eks-cluster-20230802021026849900000003",
            "name_prefix": "cluster-eks-cluster-",
            "path": "/",
            "permissions_boundary": null,
            "tags": {
              "Blueprint": "cluster-eks",
              "GithubRepo": "github.com/aws-ia/terraform-aws-eks-blueprints",
              "karpenter.sh/discovery": "cluster-eks"
            },
            "tags_all": {
              "Blueprint": "cluster-eks",
              "GithubRepo": "github.com/aws-ia/terraform-aws-eks-blueprints",
              "karpenter.sh/discovery": "cluster-eks"
            },
            "unique_id": "AROA2JOWJV4OBWCZ32W3J"
          },
          "sensitive_attributes": [],
          "private": "bnVsbA==",
          "dependencies": [
            "module.eks.data.aws_iam_policy_document.assume_role_policy",
            "module.eks.data.aws_partition.current"
          ],
          "create_before_destroy": true
        }
      ]
    },
    {
      "module": "module.eks",
      "mode": "managed",
      "type": "aws_iam_role_policy_attachment",
      "name": "cluster_encryption",
      "provider": "provider[\"registry.terraform.io/hashicorp/aws\"]",
      "instances": [
        {
          "index_key": 0,
          "schema_version": 0,
          "attributes": {
            "id": "cluster-eks-cluster-20230802021026849900000003-2023080202105612530000000b",
            "policy_arn": "arn:aws:iam::707508416284:policy/cluster-eks-cluster-ClusterEncryption2023080202105527160000000a",
            "role": "cluster-eks-cluster-20230802021026849900000003"
          },
          "sensitive_attributes": [],
          "private": "bnVsbA==",
          "dependencies": [
            "module.eks.aws_iam_policy.cluster_encryption",
            "module.eks.aws_iam_role.this",
            "module.eks.data.aws_caller_identity.current",
            "module.eks.data.aws_iam_policy_document.assume_role_policy",
            "module.eks.data.aws_iam_session_context.current",
            "module.eks.data.aws_partition.current",
            "module.eks.module.kms.aws_kms_external_key.this",
            "module.eks.module.kms.aws_kms_key.this",
            "module.eks.module.kms.data.aws_caller_identity.current",
            "module.eks.module.kms.data.aws_iam_policy_document.this",
            "module.eks.module.kms.data.aws_partition.current"
          ]
        }
      ]
    },
    {
      "module": "module.eks",
      "mode": "managed",
      "type": "aws_iam_role_policy_attachment",
      "name": "this",
      "provider": "provider[\"registry.terraform.io/hashicorp/aws\"]",
      "instances": [
        {
          "index_key": "AmazonEKSClusterPolicy",
          "schema_version": 0,
          "attributes": {
            "id": "cluster-eks-cluster-20230802021026849900000003-20230802021028977600000008",
            "policy_arn": "arn:aws:iam::aws:policy/AmazonEKSClusterPolicy",
            "role": "cluster-eks-cluster-20230802021026849900000003"
          },
          "sensitive_attributes": [],
          "private": "bnVsbA==",
          "dependencies": [
            "module.eks.aws_iam_role.this",
            "module.eks.data.aws_iam_policy_document.assume_role_policy",
            "module.eks.data.aws_partition.current"
          ],
          "create_before_destroy": true
        },
        {
          "index_key": "AmazonEKSVPCResourceController",
          "schema_version": 0,
          "attributes": {
            "id": "cluster-eks-cluster-20230802021026849900000003-20230802021028989400000009",
            "policy_arn": "arn:aws:iam::aws:policy/AmazonEKSVPCResourceController",
            "role": "cluster-eks-cluster-20230802021026849900000003"
          },
          "sensitive_attributes": [],
          "private": "bnVsbA==",
          "dependencies": [
            "module.eks.aws_iam_role.this",
            "module.eks.data.aws_iam_policy_document.assume_role_policy",
            "module.eks.data.aws_partition.current"
          ],
          "create_before_destroy": true
        }
      ]
    },
    {
      "module": "module.eks",
      "mode": "managed",
      "type": "kubernetes_config_map_v1_data",
      "name": "aws_auth",
      "provider": "provider[\"registry.terraform.io/hashicorp/kubernetes\"]",
      "instances": [
        {
          "index_key": 0,
          "schema_version": 0,
          "attributes": {
            "data": {
              "mapAccounts": "[]\n",
              "mapRoles": "- \"groups\":\n  - \"system:bootstrappers\"\n  - \"system:nodes\"\n  - \"system:node-proxier\"\n  \"rolearn\": \"arn:aws:iam::707508416284:role/karpenter-20230802021026848500000002\"\n  \"username\": \"system:node:{{SessionName}}\"\n- \"groups\":\n  - \"system:bootstrappers\"\n  - \"system:nodes\"\n  - \"system:node-proxier\"\n  \"rolearn\": \"arn:aws:iam::707508416284:role/kube-system-20230802021026848400000001\"\n  \"username\": \"system:node:{{SessionName}}\"\n- \"groups\":\n  - \"system:bootstrappers\"\n  - \"system:nodes\"\n  \"rolearn\": \"arn:aws:iam::707508416284:role/karpenter-cluster-eks-2023080202183823170000000c\"\n  \"username\": \"system:node:{{EC2PrivateDNSName}}\"\n",
              "mapUsers": "[]\n"
            },
            "field_manager": "Terraform",
            "force": true,
            "id": "kube-system/aws-auth",
            "metadata": [
              {
                "name": "aws-auth",
                "namespace": "kube-system"
              }
            ]
          },
          "sensitive_attributes": [],
          "private": "bnVsbA==",
          "dependencies": [
            "data.aws_availability_zones.available",
            "data.aws_ecrpublic_authorization_token.token",
            "module.eks.aws_eks_cluster.this",
            "module.eks.aws_iam_openid_connect_provider.oidc_provider",
            "module.eks.aws_security_group.node",
            "module.eks.kubernetes_config_map.aws_auth",
            "module.eks.module.eks_managed_node_group.aws_autoscaling_schedule.this",
            "module.eks.module.eks_managed_node_group.aws_eks_node_group.this",
            "module.eks.module.eks_managed_node_group.aws_iam_role.this",
            "module.eks.module.eks_managed_node_group.aws_iam_role_policy_attachment.additional",
            "module.eks.module.eks_managed_node_group.aws_iam_role_policy_attachment.this",
            "module.eks.module.eks_managed_node_group.aws_launch_template.this",
            "module.eks.module.eks_managed_node_group.data.aws_caller_identity.current",
            "module.eks.module.eks_managed_node_group.data.aws_iam_policy_document.assume_role_policy",
            "module.eks.module.eks_managed_node_group.data.aws_partition.current",
            "module.eks.module.eks_managed_node_group.module.user_data.data.cloudinit_config.linux_eks_managed_node_group",
            "module.eks.module.fargate_profile.aws_eks_fargate_profile.this",
            "module.eks.module.fargate_profile.aws_iam_role.this",
            "module.eks.module.fargate_profile.aws_iam_role_policy_attachment.additional",
            "module.eks.module.fargate_profile.aws_iam_role_policy_attachment.this",
            "module.eks.module.fargate_profile.data.aws_caller_identity.current",
            "module.eks.module.fargate_profile.data.aws_iam_policy_document.assume_role_policy",
            "module.eks.module.fargate_profile.data.aws_partition.current",
            "module.eks.module.self_managed_node_group.aws_autoscaling_group.this",
            "module.eks.module.self_managed_node_group.aws_autoscaling_schedule.this",
            "module.eks.module.self_managed_node_group.aws_iam_instance_profile.this",
            "module.eks.module.self_managed_node_group.aws_iam_role.this",
            "module.eks.module.self_managed_node_group.aws_iam_role_policy_attachment.additional",
            "module.eks.module.self_managed_node_group.aws_iam_role_policy_attachment.this",
            "module.eks.module.self_managed_node_group.aws_launch_template.this",
            "module.eks.module.self_managed_node_group.data.aws_ami.eks_default",
            "module.eks.module.self_managed_node_group.data.aws_caller_identity.current",
            "module.eks.module.self_managed_node_group.data.aws_iam_policy_document.assume_role_policy",
            "module.eks.module.self_managed_node_group.data.aws_partition.current",
            "module.eks.module.self_managed_node_group.module.user_data.data.cloudinit_config.linux_eks_managed_node_group",
            "module.eks.time_sleep.this",
            "module.eks_blueprints_addons.aws_iam_instance_profile.karpenter",
            "module.eks_blueprints_addons.aws_iam_role.karpenter",
            "module.eks_blueprints_addons.data.aws_iam_policy_document.karpenter",
            "module.eks_blueprints_addons.data.aws_partition.current",
            "module.eks_blueprints_addons.module.karpenter.aws_iam_policy.this",
            "module.eks_blueprints_addons.module.karpenter.aws_iam_role.this",
            "module.eks_blueprints_addons.module.karpenter.aws_iam_role_policy_attachment.additional",
            "module.eks_blueprints_addons.module.karpenter.aws_iam_role_policy_attachment.this",
            "module.eks_blueprints_addons.module.karpenter.data.aws_caller_identity.current",
            "module.eks_blueprints_addons.module.karpenter.data.aws_iam_policy_document.assume",
            "module.eks_blueprints_addons.module.karpenter.data.aws_iam_policy_document.this",
            "module.eks_blueprints_addons.module.karpenter.data.aws_partition.current",
            "module.eks_blueprints_addons.module.karpenter.helm_release.this",
            "module.eks_blueprints_addons.module.karpenter_sqs.aws_sqs_queue.dlq",
            "module.eks_blueprints_addons.module.karpenter_sqs.aws_sqs_queue.this",
            "module.eks_blueprints_addons.module.karpenter_sqs.aws_sqs_queue_policy.dlq",
            "module.eks_blueprints_addons.module.karpenter_sqs.aws_sqs_queue_policy.this",
            "module.eks_blueprints_addons.module.karpenter_sqs.aws_sqs_queue_redrive_allow_policy.dlq",
            "module.eks_blueprints_addons.module.karpenter_sqs.aws_sqs_queue_redrive_allow_policy.this",
            "module.eks_blueprints_addons.module.karpenter_sqs.aws_sqs_queue_redrive_policy.dlq",
            "module.eks_blueprints_addons.module.karpenter_sqs.aws_sqs_queue_redrive_policy.this",
            "module.eks_blueprints_addons.module.karpenter_sqs.data.aws_iam_policy_document.dlq",
            "module.eks_blueprints_addons.module.karpenter_sqs.data.aws_iam_policy_document.this",
            "module.eks_blueprints_addons.time_sleep.this",
            "module.vpc.aws_subnet.private"
          ]
        }
      ]
    },
    {
      "module": "module.eks",
      "mode": "managed",
      "type": "time_sleep",
      "name": "this",
      "provider": "provider[\"registry.terraform.io/hashicorp/time\"]",
      "instances": [
        {
          "index_key": 0,
          "schema_version": 0,
          "attributes": {
            "create_duration": "30s",
            "destroy_duration": null,
            "id": "2023-08-02T02:19:08Z",
            "triggers": {
              "cluster_certificate_authority_data": "LS0tLS1CRUdJTiBDRVJUSUZJQ0FURS0tLS0tCk1JSUMvakNDQWVhZ0F3SUJBZ0lCQURBTkJna3Foa2lHOXcwQkFRc0ZBREFWTVJNd0VRWURWUVFERXdwcmRXSmwKY201bGRHVnpNQjRYRFRJek1EZ3dNakF5TVRVd09Gb1hEVE16TURjek1EQXlNVFV3T0Zvd0ZURVRNQkVHQTFVRQpBeE1LYTNWaVpYSnVaWFJsY3pDQ0FTSXdEUVlKS29aSWh2Y05BUUVCQlFBRGdnRVBBRENDQVFvQ2dnRUJBS2ozCko2QzlINU9aNWFlR0VVb0dHVnEzNlJSS3cxbVU2eW16TXdxTVluMHEwZTVlQkoxdFJEY2tUNlF4b0ptRGpDbGgKakg1Z3MvN0wva2lnTnRkVEkvd1g4T05URHVlblFaOUxRSXd2aDBzQTlieHMxRTY1YWtzbERRL2J6bGpOdzhmNQphbGU2ZjZROEd3ZTJHbUhVN1E1NEFZSHFVakxTNk0wM1VCR1krcHhHWHVlcmlqS1d2OGdIZ1FKdWtpZVl1Qkc4CnFBVWNGdUdHMmZsNWFnaTExZmZjbUQ5bzNPRXk5anFDY0kzRmNvU0FVc2Q5Q3Z3UUo4MEdjemc3ZTJscGJPOGYKWkVpaW1ubG8vaU42NmhEeUNrcDNRNXpBV0M5blhtWldVelMyS1Rjd2szcWVRTzRvcVF1dExocmlPZWVhRXV0UQpwb1dTYmNyZXFSOXlFeG15RXFNQ0F3RUFBYU5aTUZjd0RnWURWUjBQQVFIL0JBUURBZ0trTUE4R0ExVWRFd0VCCi93UUZNQU1CQWY4d0hRWURWUjBPQkJZRUZOL2kxZHo3dURYUHNzNy9mZ0h0bzlMTEpkMzdNQlVHQTFVZEVRUU8KTUF5Q0NtdDFZbVZ5Ym1WMFpYTXdEUVlKS29aSWh2Y05BUUVMQlFBRGdnRUJBRlROa0xPZDg0eGJwbnlqUVJleApMK1FuTndldWVneWtzNERDVi9QdTlybEttYlowSUJQakFoTEQ2a05NazdKR2RoMEFXbisvRDB5VHZ5RnB2TGE4CnM0bno2cUxjVlRBL2Joek5VNzJEZ2VtUDBNbS9MTEM5L1VSaDk0RnIxaTRpdnYvMzBaRG5QQ1UzUXViaFR1ZVUKVW8yTXIvV2FYalI1RDd0OExLRStoZVIwbDJOVzV4U3JNNmVLa1dpZkNrQTdRNUt5dksvZFJvL0NmWk03cGN3NgpmUzh6Z0dmb1NsZm00YmQyS2lBV0FBUk5GL2pJSFFxZEFTMnFZdk9XSHQ4SWQ1dWFrYWxnWUl6ZEZ2bEExNmYyCkZlRTNRNlhUa0R3ejU4dHFxaXEzOGl3NDNSemtEbDRSVCt0N3ZwSTNEVFNzY1JCZnpOeGVaMUt3SDRpOHErWi8KUXNrPQotLS0tLUVORCBDRVJUSUZJQ0FURS0tLS0tCg==",
              "cluster_endpoint": "https://3F45BBF4C8195BC2C42E730256EC0D6D.gr7.us-west-2.eks.amazonaws.com",
              "cluster_name": "cluster-eks",
              "cluster_version": "1.27"
            }
          },
          "sensitive_attributes": [],
          "dependencies": [
            "data.aws_availability_zones.available",
            "module.eks.aws_cloudwatch_log_group.this",
            "module.eks.aws_eks_cluster.this",
            "module.eks.aws_iam_policy.cni_ipv6_policy",
            "module.eks.aws_iam_role.this",
            "module.eks.aws_iam_role_policy_attachment.this",
            "module.eks.aws_security_group.cluster",
            "module.eks.aws_security_group.node",
            "module.eks.aws_security_group_rule.cluster",
            "module.eks.aws_security_group_rule.node",
            "module.eks.data.aws_caller_identity.current",
            "module.eks.data.aws_iam_policy_document.assume_role_policy",
            "module.eks.data.aws_iam_policy_document.cni_ipv6_policy",
            "module.eks.data.aws_iam_session_context.current",
            "module.eks.data.aws_partition.current",
            "module.eks.module.kms.aws_kms_external_key.this",
            "module.eks.module.kms.aws_kms_key.this",
            "module.eks.module.kms.data.aws_caller_identity.current",
            "module.eks.module.kms.data.aws_iam_policy_document.this",
            "module.eks.module.kms.data.aws_partition.current",
            "module.vpc.aws_subnet.private",
            "module.vpc.aws_vpc.this",
            "module.vpc.aws_vpc_ipv4_cidr_block_association.this"
          ],
          "create_before_destroy": true
        }
      ]
    },
    {
      "module": "module.eks.module.fargate_profile[\"karpenter\"]",
      "mode": "data",
      "type": "aws_caller_identity",
      "name": "current",
      "provider": "provider[\"registry.terraform.io/hashicorp/aws\"]",
      "instances": [
        {
          "schema_version": 0,
          "attributes": {
            "account_id": "707508416284",
            "arn": "arn:aws:sts::707508416284:assumed-role/Admin/hellrosa-Isengard",
            "id": "707508416284",
            "user_id": "AROA2JOWJV4OBCY2JOWMD:hellrosa-Isengard"
          },
          "sensitive_attributes": []
        }
      ]
    },
    {
      "module": "module.eks.module.fargate_profile[\"karpenter\"]",
      "mode": "data",
      "type": "aws_iam_policy_document",
      "name": "assume_role_policy",
      "provider": "provider[\"registry.terraform.io/hashicorp/aws\"]",
      "instances": [
        {
          "index_key": 0,
          "schema_version": 0,
          "attributes": {
            "id": "3016102342",
            "json": "{\n  \"Version\": \"2012-10-17\",\n  \"Statement\": [\n    {\n      \"Effect\": \"Allow\",\n      \"Action\": \"sts:AssumeRole\",\n      \"Principal\": {\n        \"Service\": \"eks-fargate-pods.amazonaws.com\"\n      }\n    }\n  ]\n}",
            "override_policy_documents": null,
            "policy_id": null,
            "source_policy_documents": null,
            "statement": [
              {
                "actions": [
                  "sts:AssumeRole"
                ],
                "condition": [],
                "effect": "Allow",
                "not_actions": [],
                "not_principals": [],
                "not_resources": [],
                "principals": [
                  {
                    "identifiers": [
                      "eks-fargate-pods.amazonaws.com"
                    ],
                    "type": "Service"
                  }
                ],
                "resources": [],
                "sid": ""
              }
            ],
            "version": "2012-10-17"
          },
          "sensitive_attributes": []
        }
      ]
    },
    {
      "module": "module.eks.module.fargate_profile[\"karpenter\"]",
      "mode": "data",
      "type": "aws_partition",
      "name": "current",
      "provider": "provider[\"registry.terraform.io/hashicorp/aws\"]",
      "instances": [
        {
          "schema_version": 0,
          "attributes": {
            "dns_suffix": "amazonaws.com",
            "id": "aws",
            "partition": "aws",
            "reverse_dns_prefix": "com.amazonaws"
          },
          "sensitive_attributes": []
        }
      ]
    },
    {
      "module": "module.eks.module.fargate_profile[\"karpenter\"]",
      "mode": "managed",
      "type": "aws_eks_fargate_profile",
      "name": "this",
      "provider": "provider[\"registry.terraform.io/hashicorp/aws\"]",
      "instances": [
        {
          "index_key": 0,
          "schema_version": 0,
          "attributes": {
            "arn": "arn:aws:eks:us-west-2:707508416284:fargateprofile/cluster-eks/karpenter/8ec4da09-1328-ff95-0185-e4dd9bded417",
            "cluster_name": "cluster-eks",
            "fargate_profile_name": "karpenter",
            "id": "cluster-eks:karpenter",
            "pod_execution_role_arn": "arn:aws:iam::707508416284:role/karpenter-20230802021026848500000002",
            "selector": [
              {
                "labels": null,
                "namespace": "karpenter"
              }
            ],
            "status": "ACTIVE",
            "subnet_ids": [
              "subnet-0628c1c48014ae6b9",
              "subnet-0de049826ab6c7005",
              "subnet-0f4751186e9a49b1d"
            ],
            "tags": {
              "Blueprint": "cluster-eks",
              "GithubRepo": "github.com/aws-ia/terraform-aws-eks-blueprints",
              "karpenter.sh/discovery": "cluster-eks"
            },
            "tags_all": {
              "Blueprint": "cluster-eks",
              "GithubRepo": "github.com/aws-ia/terraform-aws-eks-blueprints",
              "karpenter.sh/discovery": "cluster-eks"
            },
            "timeouts": {
              "create": null,
              "delete": null
            }
          },
          "sensitive_attributes": [],
          "private": "eyJlMmJmYjczMC1lY2FhLTExZTYtOGY4OC0zNDM2M2JjN2M0YzAiOnsiY3JlYXRlIjo2MDAwMDAwMDAwMDAsImRlbGV0ZSI6NjAwMDAwMDAwMDAwfX0=",
          "dependencies": [
            "data.aws_availability_zones.available",
            "module.eks.module.fargate_profile.aws_iam_role.this",
            "module.eks.time_sleep.this",
            "module.vpc.aws_subnet.private"
          ]
        }
      ]
    },
    {
      "module": "module.eks.module.fargate_profile[\"karpenter\"]",
      "mode": "managed",
      "type": "aws_iam_role",
      "name": "this",
      "provider": "provider[\"registry.terraform.io/hashicorp/aws\"]",
      "instances": [
        {
          "index_key": 0,
          "schema_version": 0,
          "attributes": {
            "arn": "arn:aws:iam::707508416284:role/karpenter-20230802021026848500000002",
            "assume_role_policy": "{\"Statement\":[{\"Action\":\"sts:AssumeRole\",\"Effect\":\"Allow\",\"Principal\":{\"Service\":\"eks-fargate-pods.amazonaws.com\"}}],\"Version\":\"2012-10-17\"}",
            "create_date": "2023-08-02T02:10:27Z",
            "description": "Fargate profile IAM role",
            "force_detach_policies": true,
            "id": "karpenter-20230802021026848500000002",
            "inline_policy": [],
            "managed_policy_arns": [
              "arn:aws:iam::aws:policy/AmazonEKSFargatePodExecutionRolePolicy",
              "arn:aws:iam::aws:policy/AmazonEKS_CNI_Policy"
            ],
            "max_session_duration": 3600,
            "name": "karpenter-20230802021026848500000002",
            "name_prefix": "karpenter-",
            "path": "/",
            "permissions_boundary": null,
            "tags": {
              "Blueprint": "cluster-eks",
              "GithubRepo": "github.com/aws-ia/terraform-aws-eks-blueprints",
              "karpenter.sh/discovery": "cluster-eks"
            },
            "tags_all": {
              "Blueprint": "cluster-eks",
              "GithubRepo": "github.com/aws-ia/terraform-aws-eks-blueprints",
              "karpenter.sh/discovery": "cluster-eks"
            },
            "unique_id": "AROA2JOWJV4OKT2YGZDJ3"
          },
          "sensitive_attributes": [],
          "private": "bnVsbA==",
          "dependencies": [
            "module.eks.module.fargate_profile.data.aws_iam_policy_document.assume_role_policy"
          ]
        }
      ]
    },
    {
      "module": "module.eks.module.fargate_profile[\"karpenter\"]",
      "mode": "managed",
      "type": "aws_iam_role_policy_attachment",
      "name": "this",
      "provider": "provider[\"registry.terraform.io/hashicorp/aws\"]",
      "instances": [
        {
          "index_key": "arn:aws:iam::aws:policy/AmazonEKSFargatePodExecutionRolePolicy",
          "schema_version": 0,
          "attributes": {
            "id": "karpenter-20230802021026848500000002-20230802021028347300000005",
            "policy_arn": "arn:aws:iam::aws:policy/AmazonEKSFargatePodExecutionRolePolicy",
            "role": "karpenter-20230802021026848500000002"
          },
          "sensitive_attributes": [],
          "private": "bnVsbA==",
          "dependencies": [
            "module.eks.module.fargate_profile.aws_iam_role.this",
            "module.eks.module.fargate_profile.data.aws_caller_identity.current",
            "module.eks.module.fargate_profile.data.aws_iam_policy_document.assume_role_policy",
            "module.eks.module.fargate_profile.data.aws_partition.current"
          ]
        },
        {
          "index_key": "arn:aws:iam::aws:policy/AmazonEKS_CNI_Policy",
          "schema_version": 0,
          "attributes": {
            "id": "karpenter-20230802021026848500000002-20230802021028347100000004",
            "policy_arn": "arn:aws:iam::aws:policy/AmazonEKS_CNI_Policy",
            "role": "karpenter-20230802021026848500000002"
          },
          "sensitive_attributes": [],
          "private": "bnVsbA==",
          "dependencies": [
            "module.eks.module.fargate_profile.aws_iam_role.this",
            "module.eks.module.fargate_profile.data.aws_caller_identity.current",
            "module.eks.module.fargate_profile.data.aws_iam_policy_document.assume_role_policy",
            "module.eks.module.fargate_profile.data.aws_partition.current"
          ]
        }
      ]
    },
    {
      "module": "module.eks.module.fargate_profile[\"kube_system\"]",
      "mode": "data",
      "type": "aws_caller_identity",
      "name": "current",
      "provider": "provider[\"registry.terraform.io/hashicorp/aws\"]",
      "instances": [
        {
          "schema_version": 0,
          "attributes": {
            "account_id": "707508416284",
            "arn": "arn:aws:sts::707508416284:assumed-role/Admin/hellrosa-Isengard",
            "id": "707508416284",
            "user_id": "AROA2JOWJV4OBCY2JOWMD:hellrosa-Isengard"
          },
          "sensitive_attributes": []
        }
      ]
    },
    {
      "module": "module.eks.module.fargate_profile[\"kube_system\"]",
      "mode": "data",
      "type": "aws_iam_policy_document",
      "name": "assume_role_policy",
      "provider": "provider[\"registry.terraform.io/hashicorp/aws\"]",
      "instances": [
        {
          "index_key": 0,
          "schema_version": 0,
          "attributes": {
            "id": "3016102342",
            "json": "{\n  \"Version\": \"2012-10-17\",\n  \"Statement\": [\n    {\n      \"Effect\": \"Allow\",\n      \"Action\": \"sts:AssumeRole\",\n      \"Principal\": {\n        \"Service\": \"eks-fargate-pods.amazonaws.com\"\n      }\n    }\n  ]\n}",
            "override_policy_documents": null,
            "policy_id": null,
            "source_policy_documents": null,
            "statement": [
              {
                "actions": [
                  "sts:AssumeRole"
                ],
                "condition": [],
                "effect": "Allow",
                "not_actions": [],
                "not_principals": [],
                "not_resources": [],
                "principals": [
                  {
                    "identifiers": [
                      "eks-fargate-pods.amazonaws.com"
                    ],
                    "type": "Service"
                  }
                ],
                "resources": [],
                "sid": ""
              }
            ],
            "version": "2012-10-17"
          },
          "sensitive_attributes": []
        }
      ]
    },
    {
      "module": "module.eks.module.fargate_profile[\"kube_system\"]",
      "mode": "data",
      "type": "aws_partition",
      "name": "current",
      "provider": "provider[\"registry.terraform.io/hashicorp/aws\"]",
      "instances": [
        {
          "schema_version": 0,
          "attributes": {
            "dns_suffix": "amazonaws.com",
            "id": "aws",
            "partition": "aws",
            "reverse_dns_prefix": "com.amazonaws"
          },
          "sensitive_attributes": []
        }
      ]
    },
    {
      "module": "module.eks.module.fargate_profile[\"kube_system\"]",
      "mode": "managed",
      "type": "aws_eks_fargate_profile",
      "name": "this",
      "provider": "provider[\"registry.terraform.io/hashicorp/aws\"]",
      "instances": [
        {
          "index_key": 0,
          "schema_version": 0,
          "attributes": {
            "arn": "arn:aws:eks:us-west-2:707508416284:fargateprofile/cluster-eks/kube-system/f0c4da09-eb47-cf11-820d-665eba274b7f",
            "cluster_name": "cluster-eks",
            "fargate_profile_name": "kube-system",
            "id": "cluster-eks:kube-system",
            "pod_execution_role_arn": "arn:aws:iam::707508416284:role/kube-system-20230802021026848400000001",
            "selector": [
              {
                "labels": null,
                "namespace": "kube-system"
              }
            ],
            "status": "ACTIVE",
            "subnet_ids": [
              "subnet-0628c1c48014ae6b9",
              "subnet-0de049826ab6c7005",
              "subnet-0f4751186e9a49b1d"
            ],
            "tags": {
              "Blueprint": "cluster-eks",
              "GithubRepo": "github.com/aws-ia/terraform-aws-eks-blueprints",
              "karpenter.sh/discovery": "cluster-eks"
            },
            "tags_all": {
              "Blueprint": "cluster-eks",
              "GithubRepo": "github.com/aws-ia/terraform-aws-eks-blueprints",
              "karpenter.sh/discovery": "cluster-eks"
            },
            "timeouts": {
              "create": null,
              "delete": null
            }
          },
          "sensitive_attributes": [],
          "private": "eyJlMmJmYjczMC1lY2FhLTExZTYtOGY4OC0zNDM2M2JjN2M0YzAiOnsiY3JlYXRlIjo2MDAwMDAwMDAwMDAsImRlbGV0ZSI6NjAwMDAwMDAwMDAwfX0=",
          "dependencies": [
            "data.aws_availability_zones.available",
            "module.eks.module.fargate_profile.aws_iam_role.this",
            "module.eks.time_sleep.this",
            "module.vpc.aws_subnet.private"
          ]
        }
      ]
    },
    {
      "module": "module.eks.module.fargate_profile[\"kube_system\"]",
      "mode": "managed",
      "type": "aws_iam_role",
      "name": "this",
      "provider": "provider[\"registry.terraform.io/hashicorp/aws\"]",
      "instances": [
        {
          "index_key": 0,
          "schema_version": 0,
          "attributes": {
            "arn": "arn:aws:iam::707508416284:role/kube-system-20230802021026848400000001",
            "assume_role_policy": "{\"Statement\":[{\"Action\":\"sts:AssumeRole\",\"Effect\":\"Allow\",\"Principal\":{\"Service\":\"eks-fargate-pods.amazonaws.com\"}}],\"Version\":\"2012-10-17\"}",
            "create_date": "2023-08-02T02:10:27Z",
            "description": "Fargate profile IAM role",
            "force_detach_policies": true,
            "id": "kube-system-20230802021026848400000001",
            "inline_policy": [],
            "managed_policy_arns": [
              "arn:aws:iam::aws:policy/AmazonEKSFargatePodExecutionRolePolicy",
              "arn:aws:iam::aws:policy/AmazonEKS_CNI_Policy"
            ],
            "max_session_duration": 3600,
            "name": "kube-system-20230802021026848400000001",
            "name_prefix": "kube-system-",
            "path": "/",
            "permissions_boundary": null,
            "tags": {
              "Blueprint": "cluster-eks",
              "GithubRepo": "github.com/aws-ia/terraform-aws-eks-blueprints",
              "karpenter.sh/discovery": "cluster-eks"
            },
            "tags_all": {
              "Blueprint": "cluster-eks",
              "GithubRepo": "github.com/aws-ia/terraform-aws-eks-blueprints",
              "karpenter.sh/discovery": "cluster-eks"
            },
            "unique_id": "AROA2JOWJV4OODMKDEZVF"
          },
          "sensitive_attributes": [],
          "private": "bnVsbA==",
          "dependencies": [
            "module.eks.module.fargate_profile.data.aws_iam_policy_document.assume_role_policy"
          ]
        }
      ]
    },
    {
      "module": "module.eks.module.fargate_profile[\"kube_system\"]",
      "mode": "managed",
      "type": "aws_iam_role_policy_attachment",
      "name": "this",
      "provider": "provider[\"registry.terraform.io/hashicorp/aws\"]",
      "instances": [
        {
          "index_key": "arn:aws:iam::aws:policy/AmazonEKSFargatePodExecutionRolePolicy",
          "schema_version": 0,
          "attributes": {
            "id": "kube-system-20230802021026848400000001-20230802021028578200000007",
            "policy_arn": "arn:aws:iam::aws:policy/AmazonEKSFargatePodExecutionRolePolicy",
            "role": "kube-system-20230802021026848400000001"
          },
          "sensitive_attributes": [],
          "private": "bnVsbA==",
          "dependencies": [
            "module.eks.module.fargate_profile.aws_iam_role.this",
            "module.eks.module.fargate_profile.data.aws_caller_identity.current",
            "module.eks.module.fargate_profile.data.aws_iam_policy_document.assume_role_policy",
            "module.eks.module.fargate_profile.data.aws_partition.current"
          ]
        },
        {
          "index_key": "arn:aws:iam::aws:policy/AmazonEKS_CNI_Policy",
          "schema_version": 0,
          "attributes": {
            "id": "kube-system-20230802021026848400000001-20230802021028477400000006",
            "policy_arn": "arn:aws:iam::aws:policy/AmazonEKS_CNI_Policy",
            "role": "kube-system-20230802021026848400000001"
          },
          "sensitive_attributes": [],
          "private": "bnVsbA==",
          "dependencies": [
            "module.eks.module.fargate_profile.aws_iam_role.this",
            "module.eks.module.fargate_profile.data.aws_caller_identity.current",
            "module.eks.module.fargate_profile.data.aws_iam_policy_document.assume_role_policy",
            "module.eks.module.fargate_profile.data.aws_partition.current"
          ]
        }
      ]
    },
    {
      "module": "module.eks.module.kms",
      "mode": "data",
      "type": "aws_caller_identity",
      "name": "current",
      "provider": "provider[\"registry.terraform.io/hashicorp/aws\"]",
      "instances": [
        {
          "schema_version": 0,
          "attributes": {
            "account_id": "707508416284",
            "arn": "arn:aws:sts::707508416284:assumed-role/Admin/hellrosa-Isengard",
            "id": "707508416284",
            "user_id": "AROA2JOWJV4OBCY2JOWMD:hellrosa-Isengard"
          },
          "sensitive_attributes": []
        }
      ]
    },
    {
      "module": "module.eks.module.kms",
      "mode": "data",
      "type": "aws_iam_policy_document",
      "name": "this",
      "provider": "provider[\"registry.terraform.io/hashicorp/aws\"]",
      "instances": [
        {
          "index_key": 0,
          "schema_version": 0,
          "attributes": {
            "id": "2523561194",
            "json": "{\n  \"Version\": \"2012-10-17\",\n  \"Statement\": [\n    {\n      \"Sid\": \"KeyAdministration\",\n      \"Effect\": \"Allow\",\n      \"Action\": [\n        \"kms:Update*\",\n        \"kms:UntagResource\",\n        \"kms:TagResource\",\n        \"kms:ScheduleKeyDeletion\",\n        \"kms:Revoke*\",\n        \"kms:Put*\",\n        \"kms:List*\",\n        \"kms:Get*\",\n        \"kms:Enable*\",\n        \"kms:Disable*\",\n        \"kms:Describe*\",\n        \"kms:Delete*\",\n        \"kms:Create*\",\n        \"kms:CancelKeyDeletion\"\n      ],\n      \"Resource\": \"*\",\n      \"Principal\": {\n        \"AWS\": \"arn:aws:iam::707508416284:role/Admin\"\n      }\n    },\n    {\n      \"Sid\": \"KeyUsage\",\n      \"Effect\": \"Allow\",\n      \"Action\": [\n        \"kms:ReEncrypt*\",\n        \"kms:GenerateDataKey*\",\n        \"kms:Encrypt\",\n        \"kms:DescribeKey\",\n        \"kms:Decrypt\"\n      ],\n      \"Resource\": \"*\",\n      \"Principal\": {\n        \"AWS\": \"arn:aws:iam::707508416284:role/cluster-eks-cluster-20230802021026849900000003\"\n      }\n    }\n  ]\n}",
            "override_policy_documents": null,
            "policy_id": null,
            "source_policy_documents": null,
            "statement": [
              {
                "actions": [
                  "kms:CancelKeyDeletion",
                  "kms:Create*",
                  "kms:Delete*",
                  "kms:Describe*",
                  "kms:Disable*",
                  "kms:Enable*",
                  "kms:Get*",
                  "kms:List*",
                  "kms:Put*",
                  "kms:Revoke*",
                  "kms:ScheduleKeyDeletion",
                  "kms:TagResource",
                  "kms:UntagResource",
                  "kms:Update*"
                ],
                "condition": [],
                "effect": "Allow",
                "not_actions": [],
                "not_principals": [],
                "not_resources": [],
                "principals": [
                  {
                    "identifiers": [
                      "arn:aws:iam::707508416284:role/Admin"
                    ],
                    "type": "AWS"
                  }
                ],
                "resources": [
                  "*"
                ],
                "sid": "KeyAdministration"
              },
              {
                "actions": [
                  "kms:Decrypt",
                  "kms:DescribeKey",
                  "kms:Encrypt",
                  "kms:GenerateDataKey*",
                  "kms:ReEncrypt*"
                ],
                "condition": [],
                "effect": "Allow",
                "not_actions": [],
                "not_principals": [],
                "not_resources": [],
                "principals": [
                  {
                    "identifiers": [
                      "arn:aws:iam::707508416284:role/cluster-eks-cluster-20230802021026849900000003"
                    ],
                    "type": "AWS"
                  }
                ],
                "resources": [
                  "*"
                ],
                "sid": "KeyUsage"
              }
            ],
            "version": "2012-10-17"
          },
          "sensitive_attributes": []
        }
      ]
    },
    {
      "module": "module.eks.module.kms",
      "mode": "data",
      "type": "aws_partition",
      "name": "current",
      "provider": "provider[\"registry.terraform.io/hashicorp/aws\"]",
      "instances": [
        {
          "schema_version": 0,
          "attributes": {
            "dns_suffix": "amazonaws.com",
            "id": "aws",
            "partition": "aws",
            "reverse_dns_prefix": "com.amazonaws"
          },
          "sensitive_attributes": []
        }
      ]
    },
    {
      "module": "module.eks.module.kms",
      "mode": "managed",
      "type": "aws_kms_alias",
      "name": "this",
      "provider": "provider[\"registry.terraform.io/hashicorp/aws\"]",
      "instances": [
        {
          "index_key": "cluster",
          "schema_version": 0,
          "attributes": {
            "arn": "arn:aws:kms:us-west-2:707508416284:alias/eks/cluster-eks",
            "id": "alias/eks/cluster-eks",
            "name": "alias/eks/cluster-eks",
            "name_prefix": "",
            "target_key_arn": "arn:aws:kms:us-west-2:707508416284:key/0c7b3481-dcd8-4ddc-a46e-3282a68f7daf",
            "target_key_id": "0c7b3481-dcd8-4ddc-a46e-3282a68f7daf"
          },
          "sensitive_attributes": [],
          "private": "bnVsbA==",
          "dependencies": [
            "module.eks.aws_iam_role.this",
            "module.eks.data.aws_caller_identity.current",
            "module.eks.data.aws_iam_policy_document.assume_role_policy",
            "module.eks.data.aws_iam_session_context.current",
            "module.eks.data.aws_partition.current",
            "module.eks.module.kms.aws_kms_external_key.this",
            "module.eks.module.kms.aws_kms_key.this",
            "module.eks.module.kms.data.aws_caller_identity.current",
            "module.eks.module.kms.data.aws_iam_policy_document.this",
            "module.eks.module.kms.data.aws_partition.current"
          ]
        }
      ]
    },
    {
      "module": "module.eks.module.kms",
      "mode": "managed",
      "type": "aws_kms_key",
      "name": "this",
      "provider": "provider[\"registry.terraform.io/hashicorp/aws\"]",
      "instances": [
        {
          "index_key": 0,
          "schema_version": 0,
          "attributes": {
            "arn": "arn:aws:kms:us-west-2:707508416284:key/0c7b3481-dcd8-4ddc-a46e-3282a68f7daf",
            "bypass_policy_lockout_safety_check": false,
            "custom_key_store_id": "",
            "customer_master_key_spec": "SYMMETRIC_DEFAULT",
            "deletion_window_in_days": null,
            "description": "cluster-eks cluster encryption key",
            "enable_key_rotation": true,
            "id": "0c7b3481-dcd8-4ddc-a46e-3282a68f7daf",
            "is_enabled": true,
            "key_id": "0c7b3481-dcd8-4ddc-a46e-3282a68f7daf",
            "key_usage": "ENCRYPT_DECRYPT",
            "multi_region": false,
            "policy": "{\"Statement\":[{\"Action\":[\"kms:Update*\",\"kms:UntagResource\",\"kms:TagResource\",\"kms:ScheduleKeyDeletion\",\"kms:Revoke*\",\"kms:Put*\",\"kms:List*\",\"kms:Get*\",\"kms:Enable*\",\"kms:Disable*\",\"kms:Describe*\",\"kms:Delete*\",\"kms:Create*\",\"kms:CancelKeyDeletion\"],\"Effect\":\"Allow\",\"Principal\":{\"AWS\":\"arn:aws:iam::707508416284:role/Admin\"},\"Resource\":\"*\",\"Sid\":\"KeyAdministration\"},{\"Action\":[\"kms:ReEncrypt*\",\"kms:GenerateDataKey*\",\"kms:Encrypt\",\"kms:DescribeKey\",\"kms:Decrypt\"],\"Effect\":\"Allow\",\"Principal\":{\"AWS\":\"arn:aws:iam::707508416284:role/cluster-eks-cluster-20230802021026849900000003\"},\"Resource\":\"*\",\"Sid\":\"KeyUsage\"}],\"Version\":\"2012-10-17\"}",
            "tags": {
              "Blueprint": "cluster-eks",
              "GithubRepo": "github.com/aws-ia/terraform-aws-eks-blueprints",
              "karpenter.sh/discovery": "cluster-eks"
            },
            "tags_all": {
              "Blueprint": "cluster-eks",
              "GithubRepo": "github.com/aws-ia/terraform-aws-eks-blueprints",
              "karpenter.sh/discovery": "cluster-eks"
            }
          },
          "sensitive_attributes": [],
          "private": "bnVsbA==",
          "dependencies": [
            "module.eks.aws_iam_role.this",
            "module.eks.data.aws_caller_identity.current",
            "module.eks.data.aws_iam_policy_document.assume_role_policy",
            "module.eks.data.aws_iam_session_context.current",
            "module.eks.data.aws_partition.current",
            "module.eks.module.kms.data.aws_caller_identity.current",
            "module.eks.module.kms.data.aws_iam_policy_document.this",
            "module.eks.module.kms.data.aws_partition.current"
          ],
          "create_before_destroy": true
        }
      ]
    },
    {
      "module": "module.eks_blueprints_addons",
      "mode": "data",
      "type": "aws_caller_identity",
      "name": "current",
      "provider": "provider[\"registry.terraform.io/hashicorp/aws\"]",
      "instances": [
        {
          "schema_version": 0,
          "attributes": {
            "account_id": "707508416284",
            "arn": "arn:aws:sts::707508416284:assumed-role/Admin/hellrosa-Isengard",
            "id": "707508416284",
            "user_id": "AROA2JOWJV4OBCY2JOWMD:hellrosa-Isengard"
          },
          "sensitive_attributes": []
        }
      ]
    },
    {
      "module": "module.eks_blueprints_addons",
      "mode": "data",
      "type": "aws_iam_policy_document",
      "name": "karpenter",
      "provider": "provider[\"registry.terraform.io/hashicorp/aws\"]",
      "instances": [
        {
          "index_key": 0,
          "schema_version": 0,
          "attributes": {
            "id": "2890949075",
            "json": "{\n  \"Version\": \"2012-10-17\",\n  \"Statement\": [\n    {\n      \"Effect\": \"Allow\",\n      \"Action\": [\n        \"ec2:DescribeSubnets\",\n        \"ec2:DescribeSpotPriceHistory\",\n        \"ec2:DescribeSecurityGroups\",\n        \"ec2:DescribeLaunchTemplates\",\n        \"ec2:DescribeInstances\",\n        \"ec2:DescribeInstanceTypes\",\n        \"ec2:DescribeInstanceTypeOfferings\",\n        \"ec2:DescribeImages\",\n        \"ec2:DescribeAvailabilityZones\"\n      ],\n      \"Resource\": \"*\"\n    },\n    {\n      \"Effect\": \"Allow\",\n      \"Action\": [\n        \"ec2:RunInstances\",\n        \"ec2:DeleteLaunchTemplate\",\n        \"ec2:CreateTags\",\n        \"ec2:CreateLaunchTemplate\",\n        \"ec2:CreateFleet\"\n      ],\n      \"Resource\": [\n        \"arn:aws:ec2:us-west-2::image/*\",\n        \"arn:aws:ec2:us-west-2:707508416284:*\"\n      ]\n    },\n    {\n      \"Effect\": \"Allow\",\n      \"Action\": \"iam:PassRole\",\n      \"Resource\": \"arn:aws:iam::707508416284:role/karpenter-cluster-eks-2023080202183823170000000c\"\n    },\n    {\n      \"Effect\": \"Allow\",\n      \"Action\": \"pricing:GetProducts\",\n      \"Resource\": \"*\"\n    },\n    {\n      \"Effect\": \"Allow\",\n      \"Action\": \"ssm:GetParameter\",\n      \"Resource\": \"arn:aws:ssm:us-west-2::parameter/*\"\n    },\n    {\n      \"Effect\": \"Allow\",\n      \"Action\": \"eks:DescribeCluster\",\n      \"Resource\": \"arn:aws:eks:*:707508416284:cluster/cluster-eks\"\n    },\n    {\n      \"Effect\": \"Allow\",\n      \"Action\": \"ec2:TerminateInstances\",\n      \"Resource\": \"arn:aws:ec2:us-west-2:707508416284:instance/*\",\n      \"Condition\": {\n        \"StringLike\": {\n          \"ec2:ResourceTag/Name\": \"*karpenter*\"\n        }\n      }\n    },\n    {\n      \"Effect\": \"Allow\",\n      \"Action\": [\n        \"sqs:ReceiveMessage\",\n        \"sqs:GetQueueUrl\",\n        \"sqs:GetQueueAttributes\",\n        \"sqs:DeleteMessage\"\n      ],\n      \"Resource\": \"arn:aws:sqs:us-west-2:707508416284:karpenter-cluster-eks\"\n    }\n  ]\n}",
            "override_policy_documents": null,
            "policy_id": null,
            "source_policy_documents": null,
            "statement": [
              {
                "actions": [
                  "ec2:DescribeAvailabilityZones",
                  "ec2:DescribeImages",
                  "ec2:DescribeInstanceTypeOfferings",
                  "ec2:DescribeInstanceTypes",
                  "ec2:DescribeInstances",
                  "ec2:DescribeLaunchTemplates",
                  "ec2:DescribeSecurityGroups",
                  "ec2:DescribeSpotPriceHistory",
                  "ec2:DescribeSubnets"
                ],
                "condition": [],
                "effect": "Allow",
                "not_actions": [],
                "not_principals": [],
                "not_resources": [],
                "principals": [],
                "resources": [
                  "*"
                ],
                "sid": ""
              },
              {
                "actions": [
                  "ec2:CreateFleet",
                  "ec2:CreateLaunchTemplate",
                  "ec2:CreateTags",
                  "ec2:DeleteLaunchTemplate",
                  "ec2:RunInstances"
                ],
                "condition": [],
                "effect": "Allow",
                "not_actions": [],
                "not_principals": [],
                "not_resources": [],
                "principals": [],
                "resources": [
                  "arn:aws:ec2:us-west-2:707508416284:*",
                  "arn:aws:ec2:us-west-2::image/*"
                ],
                "sid": ""
              },
              {
                "actions": [
                  "iam:PassRole"
                ],
                "condition": [],
                "effect": "Allow",
                "not_actions": [],
                "not_principals": [],
                "not_resources": [],
                "principals": [],
                "resources": [
                  "arn:aws:iam::707508416284:role/karpenter-cluster-eks-2023080202183823170000000c"
                ],
                "sid": ""
              },
              {
                "actions": [
                  "pricing:GetProducts"
                ],
                "condition": [],
                "effect": "Allow",
                "not_actions": [],
                "not_principals": [],
                "not_resources": [],
                "principals": [],
                "resources": [
                  "*"
                ],
                "sid": ""
              },
              {
                "actions": [
                  "ssm:GetParameter"
                ],
                "condition": [],
                "effect": "Allow",
                "not_actions": [],
                "not_principals": [],
                "not_resources": [],
                "principals": [],
                "resources": [
                  "arn:aws:ssm:us-west-2::parameter/*"
                ],
                "sid": ""
              },
              {
                "actions": [
                  "eks:DescribeCluster"
                ],
                "condition": [],
                "effect": "Allow",
                "not_actions": [],
                "not_principals": [],
                "not_resources": [],
                "principals": [],
                "resources": [
                  "arn:aws:eks:*:707508416284:cluster/cluster-eks"
                ],
                "sid": ""
              },
              {
                "actions": [
                  "ec2:TerminateInstances"
                ],
                "condition": [
                  {
                    "test": "StringLike",
                    "values": [
                      "*karpenter*"
                    ],
                    "variable": "ec2:ResourceTag/Name"
                  }
                ],
                "effect": "Allow",
                "not_actions": [],
                "not_principals": [],
                "not_resources": [],
                "principals": [],
                "resources": [
                  "arn:aws:ec2:us-west-2:707508416284:instance/*"
                ],
                "sid": ""
              },
              {
                "actions": [
                  "sqs:DeleteMessage",
                  "sqs:GetQueueAttributes",
                  "sqs:GetQueueUrl",
                  "sqs:ReceiveMessage"
                ],
                "condition": [],
                "effect": "Allow",
                "not_actions": [],
                "not_principals": [],
                "not_resources": [],
                "principals": [],
                "resources": [
                  "arn:aws:sqs:us-west-2:707508416284:karpenter-cluster-eks"
                ],
                "sid": ""
              }
            ],
            "version": "2012-10-17"
          },
          "sensitive_attributes": []
        }
      ]
    },
    {
      "module": "module.eks_blueprints_addons",
      "mode": "data",
      "type": "aws_iam_policy_document",
      "name": "karpenter_assume_role",
      "provider": "provider[\"registry.terraform.io/hashicorp/aws\"]",
      "instances": [
        {
          "index_key": 0,
          "schema_version": 0,
          "attributes": {
            "id": "106987850",
            "json": "{\n  \"Version\": \"2012-10-17\",\n  \"Statement\": [\n    {\n      \"Sid\": \"KarpenterNodeAssumeRole\",\n      \"Effect\": \"Allow\",\n      \"Action\": \"sts:AssumeRole\",\n      \"Principal\": {\n        \"Service\": \"ec2.amazonaws.com\"\n      }\n    }\n  ]\n}",
            "override_policy_documents": null,
            "policy_id": null,
            "source_policy_documents": null,
            "statement": [
              {
                "actions": [
                  "sts:AssumeRole"
                ],
                "condition": [],
                "effect": "Allow",
                "not_actions": [],
                "not_principals": [],
                "not_resources": [],
                "principals": [
                  {
                    "identifiers": [
                      "ec2.amazonaws.com"
                    ],
                    "type": "Service"
                  }
                ],
                "resources": [],
                "sid": "KarpenterNodeAssumeRole"
              }
            ],
            "version": "2012-10-17"
          },
          "sensitive_attributes": []
        }
      ]
    },
    {
      "module": "module.eks_blueprints_addons",
      "mode": "data",
      "type": "aws_partition",
      "name": "current",
      "provider": "provider[\"registry.terraform.io/hashicorp/aws\"]",
      "instances": [
        {
          "schema_version": 0,
          "attributes": {
            "dns_suffix": "amazonaws.com",
            "id": "aws",
            "partition": "aws",
            "reverse_dns_prefix": "com.amazonaws"
          },
          "sensitive_attributes": []
        }
      ]
    },
    {
      "module": "module.eks_blueprints_addons",
      "mode": "data",
      "type": "aws_region",
      "name": "current",
      "provider": "provider[\"registry.terraform.io/hashicorp/aws\"]",
      "instances": [
        {
          "schema_version": 0,
          "attributes": {
            "description": "US West (Oregon)",
            "endpoint": "ec2.us-west-2.amazonaws.com",
            "id": "us-west-2",
            "name": "us-west-2"
          },
          "sensitive_attributes": []
        }
      ]
    },
    {
      "module": "module.eks_blueprints_addons",
      "mode": "managed",
      "type": "aws_iam_instance_profile",
      "name": "karpenter",
      "provider": "provider[\"registry.terraform.io/hashicorp/aws\"]",
      "instances": [
        {
          "index_key": 0,
          "schema_version": 0,
          "attributes": {
            "arn": "arn:aws:iam::707508416284:instance-profile/karpenter-cluster-eks-2023080202183953580000000d",
            "create_date": "2023-08-02T02:18:39Z",
            "id": "karpenter-cluster-eks-2023080202183953580000000d",
            "name": "karpenter-cluster-eks-2023080202183953580000000d",
            "name_prefix": "karpenter-cluster-eks-",
            "path": "/",
            "role": "karpenter-cluster-eks-2023080202183823170000000c",
            "tags": {
              "Blueprint": "cluster-eks",
              "GithubRepo": "github.com/aws-ia/terraform-aws-eks-blueprints"
            },
            "tags_all": {
              "Blueprint": "cluster-eks",
              "GithubRepo": "github.com/aws-ia/terraform-aws-eks-blueprints"
            },
            "unique_id": "AIPA2JOWJV4OL3BSGRITK"
          },
          "sensitive_attributes": [],
          "private": "bnVsbA==",
          "dependencies": [
            "data.aws_availability_zones.available",
            "module.eks.aws_cloudwatch_log_group.this",
            "module.eks.aws_eks_cluster.this",
            "module.eks.aws_iam_policy.cni_ipv6_policy",
            "module.eks.aws_iam_role.this",
            "module.eks.aws_iam_role_policy_attachment.this",
            "module.eks.aws_security_group.cluster",
            "module.eks.aws_security_group.node",
            "module.eks.aws_security_group_rule.cluster",
            "module.eks.aws_security_group_rule.node",
            "module.eks.data.aws_caller_identity.current",
            "module.eks.data.aws_iam_policy_document.assume_role_policy",
            "module.eks.data.aws_iam_policy_document.cni_ipv6_policy",
            "module.eks.data.aws_iam_session_context.current",
            "module.eks.data.aws_partition.current",
            "module.eks.module.kms.aws_kms_external_key.this",
            "module.eks.module.kms.aws_kms_key.this",
            "module.eks.module.kms.data.aws_caller_identity.current",
            "module.eks.module.kms.data.aws_iam_policy_document.this",
            "module.eks.module.kms.data.aws_partition.current",
            "module.eks_blueprints_addons.aws_iam_role.karpenter",
            "module.eks_blueprints_addons.data.aws_iam_policy_document.karpenter_assume_role",
            "module.eks_blueprints_addons.data.aws_partition.current",
            "module.vpc.aws_subnet.private",
            "module.vpc.aws_vpc.this",
            "module.vpc.aws_vpc_ipv4_cidr_block_association.this"
          ]
        }
      ]
    },
    {
      "module": "module.eks_blueprints_addons",
      "mode": "managed",
      "type": "aws_iam_role",
      "name": "karpenter",
      "provider": "provider[\"registry.terraform.io/hashicorp/aws\"]",
      "instances": [
        {
          "index_key": 0,
          "schema_version": 0,
          "attributes": {
            "arn": "arn:aws:iam::707508416284:role/karpenter-cluster-eks-2023080202183823170000000c",
            "assume_role_policy": "{\"Statement\":[{\"Action\":\"sts:AssumeRole\",\"Effect\":\"Allow\",\"Principal\":{\"Service\":\"ec2.amazonaws.com\"},\"Sid\":\"KarpenterNodeAssumeRole\"}],\"Version\":\"2012-10-17\"}",
            "create_date": "2023-08-02T02:18:39Z",
            "description": "Karpenter EC2 node IAM role",
            "force_detach_policies": true,
            "id": "karpenter-cluster-eks-2023080202183823170000000c",
            "inline_policy": [],
            "managed_policy_arns": [],
            "max_session_duration": 3600,
            "name": "karpenter-cluster-eks-2023080202183823170000000c",
            "name_prefix": "karpenter-cluster-eks-",
            "path": "/",
            "permissions_boundary": null,
            "tags": {
              "Blueprint": "cluster-eks",
              "GithubRepo": "github.com/aws-ia/terraform-aws-eks-blueprints"
            },
            "tags_all": {
              "Blueprint": "cluster-eks",
              "GithubRepo": "github.com/aws-ia/terraform-aws-eks-blueprints"
            },
            "unique_id": "AROA2JOWJV4OAOLOFKILJ"
          },
          "sensitive_attributes": [],
          "private": "bnVsbA==",
          "dependencies": [
            "data.aws_availability_zones.available",
            "module.eks.aws_cloudwatch_log_group.this",
            "module.eks.aws_eks_cluster.this",
            "module.eks.aws_iam_policy.cni_ipv6_policy",
            "module.eks.aws_iam_role.this",
            "module.eks.aws_iam_role_policy_attachment.this",
            "module.eks.aws_security_group.cluster",
            "module.eks.aws_security_group.node",
            "module.eks.aws_security_group_rule.cluster",
            "module.eks.aws_security_group_rule.node",
            "module.eks.data.aws_caller_identity.current",
            "module.eks.data.aws_iam_policy_document.assume_role_policy",
            "module.eks.data.aws_iam_policy_document.cni_ipv6_policy",
            "module.eks.data.aws_iam_session_context.current",
            "module.eks.data.aws_partition.current",
            "module.eks.module.kms.aws_kms_external_key.this",
            "module.eks.module.kms.aws_kms_key.this",
            "module.eks.module.kms.data.aws_caller_identity.current",
            "module.eks.module.kms.data.aws_iam_policy_document.this",
            "module.eks.module.kms.data.aws_partition.current",
            "module.eks_blueprints_addons.data.aws_iam_policy_document.karpenter_assume_role",
            "module.eks_blueprints_addons.data.aws_partition.current",
            "module.vpc.aws_subnet.private",
            "module.vpc.aws_vpc.this",
            "module.vpc.aws_vpc_ipv4_cidr_block_association.this"
          ]
        }
      ]
    },
    {
      "module": "module.eks_blueprints_addons",
      "mode": "managed",
      "type": "time_sleep",
      "name": "this",
      "provider": "provider[\"registry.terraform.io/hashicorp/time\"]",
      "instances": [
        {
          "schema_version": 0,
          "attributes": {
            "create_duration": "30s",
            "destroy_duration": null,
            "id": "2023-08-02T02:29:53Z",
            "triggers": {
              "cluster_endpoint": "https://3F45BBF4C8195BC2C42E730256EC0D6D.gr7.us-west-2.eks.amazonaws.com",
              "cluster_name": "cluster-eks",
              "custom": "arn:aws:eks:us-west-2:707508416284:fargateprofile/cluster-eks/karpenter/8ec4da09-1328-ff95-0185-e4dd9bded417,arn:aws:eks:us-west-2:707508416284:fargateprofile/cluster-eks/kube-system/f0c4da09-eb47-cf11-820d-665eba274b7f",
              "oidc_provider_arn": "arn:aws:iam::707508416284:oidc-provider/oidc.eks.us-west-2.amazonaws.com/id/3F45BBF4C8195BC2C42E730256EC0D6D"
            }
          },
          "sensitive_attributes": [],
          "dependencies": [
            "data.aws_availability_zones.available",
            "module.eks.aws_eks_cluster.this",
            "module.eks.aws_iam_openid_connect_provider.oidc_provider",
            "module.eks.module.fargate_profile.aws_eks_fargate_profile.this",
            "module.eks.module.fargate_profile.aws_iam_role.this",
            "module.eks.module.fargate_profile.aws_iam_role_policy_attachment.additional",
            "module.eks.module.fargate_profile.aws_iam_role_policy_attachment.this",
            "module.eks.module.fargate_profile.data.aws_caller_identity.current",
            "module.eks.module.fargate_profile.data.aws_iam_policy_document.assume_role_policy",
            "module.eks.module.fargate_profile.data.aws_partition.current",
            "module.eks.time_sleep.this",
            "module.vpc.aws_subnet.private"
          ]
        }
      ]
    },
    {
      "module": "module.eks_blueprints_addons.module.karpenter",
      "mode": "data",
      "type": "aws_caller_identity",
      "name": "current",
      "provider": "provider[\"registry.terraform.io/hashicorp/aws\"]",
      "instances": [
        {
          "schema_version": 0,
          "attributes": {
            "account_id": "707508416284",
            "arn": "arn:aws:sts::707508416284:assumed-role/Admin/hellrosa-Isengard",
            "id": "707508416284",
            "user_id": "AROA2JOWJV4OBCY2JOWMD:hellrosa-Isengard"
          },
          "sensitive_attributes": []
        }
      ]
    },
    {
      "module": "module.eks_blueprints_addons.module.karpenter",
      "mode": "data",
      "type": "aws_iam_policy_document",
      "name": "assume",
      "provider": "provider[\"registry.terraform.io/hashicorp/aws\"]",
      "instances": [
        {
          "index_key": 0,
          "schema_version": 0,
          "attributes": {
            "id": "4123139653",
            "json": "{\n  \"Version\": \"2012-10-17\",\n  \"Statement\": [\n    {\n      \"Effect\": \"Allow\",\n      \"Action\": \"sts:AssumeRoleWithWebIdentity\",\n      \"Principal\": {\n        \"Federated\": \"arn:aws:iam::707508416284:oidc-provider/oidc.eks.us-west-2.amazonaws.com/id/3F45BBF4C8195BC2C42E730256EC0D6D\"\n      },\n      \"Condition\": {\n        \"StringEquals\": {\n          \"oidc.eks.us-west-2.amazonaws.com/id/3F45BBF4C8195BC2C42E730256EC0D6D:aud\": \"sts.amazonaws.com\",\n          \"oidc.eks.us-west-2.amazonaws.com/id/3F45BBF4C8195BC2C42E730256EC0D6D:sub\": \"system:serviceaccount:karpenter:karpenter\"\n        }\n      }\n    }\n  ]\n}",
            "override_policy_documents": null,
            "policy_id": null,
            "source_policy_documents": null,
            "statement": [
              {
                "actions": [
                  "sts:AssumeRoleWithWebIdentity"
                ],
                "condition": [
                  {
                    "test": "StringEquals",
                    "values": [
                      "sts.amazonaws.com"
                    ],
                    "variable": "oidc.eks.us-west-2.amazonaws.com/id/3F45BBF4C8195BC2C42E730256EC0D6D:aud"
                  },
                  {
                    "test": "StringEquals",
                    "values": [
                      "system:serviceaccount:karpenter:karpenter"
                    ],
                    "variable": "oidc.eks.us-west-2.amazonaws.com/id/3F45BBF4C8195BC2C42E730256EC0D6D:sub"
                  }
                ],
                "effect": "Allow",
                "not_actions": [],
                "not_principals": [],
                "not_resources": [],
                "principals": [
                  {
                    "identifiers": [
                      "arn:aws:iam::707508416284:oidc-provider/oidc.eks.us-west-2.amazonaws.com/id/3F45BBF4C8195BC2C42E730256EC0D6D"
                    ],
                    "type": "Federated"
                  }
                ],
                "resources": [],
                "sid": ""
              }
            ],
            "version": "2012-10-17"
          },
          "sensitive_attributes": []
        }
      ]
    },
    {
      "module": "module.eks_blueprints_addons.module.karpenter",
      "mode": "data",
      "type": "aws_iam_policy_document",
      "name": "this",
      "provider": "provider[\"registry.terraform.io/hashicorp/aws\"]",
      "instances": [
        {
          "index_key": 0,
          "schema_version": 0,
          "attributes": {
            "id": "1142438958",
            "json": "{\n  \"Version\": \"2012-10-17\",\n  \"Statement\": [\n    {\n      \"Effect\": \"Allow\",\n      \"Action\": [\n        \"ec2:DescribeSubnets\",\n        \"ec2:DescribeSpotPriceHistory\",\n        \"ec2:DescribeSecurityGroups\",\n        \"ec2:DescribeLaunchTemplates\",\n        \"ec2:DescribeInstances\",\n        \"ec2:DescribeInstanceTypes\",\n        \"ec2:DescribeInstanceTypeOfferings\",\n        \"ec2:DescribeImages\",\n        \"ec2:DescribeAvailabilityZones\"\n      ],\n      \"Resource\": \"*\"\n    },\n    {\n      \"Effect\": \"Allow\",\n      \"Action\": [\n        \"ec2:RunInstances\",\n        \"ec2:DeleteLaunchTemplate\",\n        \"ec2:CreateTags\",\n        \"ec2:CreateLaunchTemplate\",\n        \"ec2:CreateFleet\"\n      ],\n      \"Resource\": [\n        \"arn:aws:ec2:us-west-2::image/*\",\n        \"arn:aws:ec2:us-west-2:707508416284:*\"\n      ]\n    },\n    {\n      \"Effect\": \"Allow\",\n      \"Action\": \"iam:PassRole\",\n      \"Resource\": \"arn:aws:iam::707508416284:role/karpenter-cluster-eks-2023080202183823170000000c\"\n    },\n    {\n      \"Effect\": \"Allow\",\n      \"Action\": \"pricing:GetProducts\",\n      \"Resource\": \"*\"\n    },\n    {\n      \"Effect\": \"Allow\",\n      \"Action\": \"ssm:GetParameter\",\n      \"Resource\": \"arn:aws:ssm:us-west-2::parameter/*\"\n    },\n    {\n      \"Effect\": \"Allow\",\n      \"Action\": \"eks:DescribeCluster\",\n      \"Resource\": \"arn:aws:eks:*:707508416284:cluster/cluster-eks\"\n    },\n    {\n      \"Effect\": \"Allow\",\n      \"Action\": \"ec2:TerminateInstances\",\n      \"Resource\": \"arn:aws:ec2:us-west-2:707508416284:instance/*\",\n      \"Condition\": {\n        \"StringLike\": {\n          \"ec2:ResourceTag/Name\": [\n            \"*karpenter*\"\n          ]\n        }\n      }\n    },\n    {\n      \"Effect\": \"Allow\",\n      \"Action\": [\n        \"sqs:ReceiveMessage\",\n        \"sqs:GetQueueUrl\",\n        \"sqs:GetQueueAttributes\",\n        \"sqs:DeleteMessage\"\n      ],\n      \"Resource\": \"arn:aws:sqs:us-west-2:707508416284:karpenter-cluster-eks\"\n    }\n  ]\n}",
            "override_policy_documents": null,
            "policy_id": null,
            "source_policy_documents": [
              "{\n  \"Version\": \"2012-10-17\",\n  \"Statement\": [\n    {\n      \"Effect\": \"Allow\",\n      \"Action\": [\n        \"ec2:DescribeSubnets\",\n        \"ec2:DescribeSpotPriceHistory\",\n        \"ec2:DescribeSecurityGroups\",\n        \"ec2:DescribeLaunchTemplates\",\n        \"ec2:DescribeInstances\",\n        \"ec2:DescribeInstanceTypes\",\n        \"ec2:DescribeInstanceTypeOfferings\",\n        \"ec2:DescribeImages\",\n        \"ec2:DescribeAvailabilityZones\"\n      ],\n      \"Resource\": \"*\"\n    },\n    {\n      \"Effect\": \"Allow\",\n      \"Action\": [\n        \"ec2:RunInstances\",\n        \"ec2:DeleteLaunchTemplate\",\n        \"ec2:CreateTags\",\n        \"ec2:CreateLaunchTemplate\",\n        \"ec2:CreateFleet\"\n      ],\n      \"Resource\": [\n        \"arn:aws:ec2:us-west-2::image/*\",\n        \"arn:aws:ec2:us-west-2:707508416284:*\"\n      ]\n    },\n    {\n      \"Effect\": \"Allow\",\n      \"Action\": \"iam:PassRole\",\n      \"Resource\": \"arn:aws:iam::707508416284:role/karpenter-cluster-eks-2023080202183823170000000c\"\n    },\n    {\n      \"Effect\": \"Allow\",\n      \"Action\": \"pricing:GetProducts\",\n      \"Resource\": \"*\"\n    },\n    {\n      \"Effect\": \"Allow\",\n      \"Action\": \"ssm:GetParameter\",\n      \"Resource\": \"arn:aws:ssm:us-west-2::parameter/*\"\n    },\n    {\n      \"Effect\": \"Allow\",\n      \"Action\": \"eks:DescribeCluster\",\n      \"Resource\": \"arn:aws:eks:*:707508416284:cluster/cluster-eks\"\n    },\n    {\n      \"Effect\": \"Allow\",\n      \"Action\": \"ec2:TerminateInstances\",\n      \"Resource\": \"arn:aws:ec2:us-west-2:707508416284:instance/*\",\n      \"Condition\": {\n        \"StringLike\": {\n          \"ec2:ResourceTag/Name\": \"*karpenter*\"\n        }\n      }\n    },\n    {\n      \"Effect\": \"Allow\",\n      \"Action\": [\n        \"sqs:ReceiveMessage\",\n        \"sqs:GetQueueUrl\",\n        \"sqs:GetQueueAttributes\",\n        \"sqs:DeleteMessage\"\n      ],\n      \"Resource\": \"arn:aws:sqs:us-west-2:707508416284:karpenter-cluster-eks\"\n    }\n  ]\n}"
            ],
            "statement": null,
            "version": "2012-10-17"
          },
          "sensitive_attributes": []
        }
      ]
    },
    {
      "module": "module.eks_blueprints_addons.module.karpenter",
      "mode": "data",
      "type": "aws_partition",
      "name": "current",
      "provider": "provider[\"registry.terraform.io/hashicorp/aws\"]",
      "instances": [
        {
          "schema_version": 0,
          "attributes": {
            "dns_suffix": "amazonaws.com",
            "id": "aws",
            "partition": "aws",
            "reverse_dns_prefix": "com.amazonaws"
          },
          "sensitive_attributes": []
        }
      ]
    },
    {
      "module": "module.eks_blueprints_addons.module.karpenter",
      "mode": "managed",
      "type": "aws_iam_policy",
      "name": "this",
      "provider": "provider[\"registry.terraform.io/hashicorp/aws\"]",
      "instances": [
        {
          "index_key": 0,
          "schema_version": 0,
          "attributes": {
            "arn": "arn:aws:iam::707508416284:policy/karpenter-2023080202190666750000000e",
            "description": "IAM Policy for karpenter",
            "id": "arn:aws:iam::707508416284:policy/karpenter-2023080202190666750000000e",
            "name": "karpenter-2023080202190666750000000e",
            "name_prefix": "karpenter-",
            "path": "/",
            "policy": "{\"Statement\":[{\"Action\":[\"ec2:DescribeSubnets\",\"ec2:DescribeSpotPriceHistory\",\"ec2:DescribeSecurityGroups\",\"ec2:DescribeLaunchTemplates\",\"ec2:DescribeInstances\",\"ec2:DescribeInstanceTypes\",\"ec2:DescribeInstanceTypeOfferings\",\"ec2:DescribeImages\",\"ec2:DescribeAvailabilityZones\"],\"Effect\":\"Allow\",\"Resource\":\"*\"},{\"Action\":[\"ec2:RunInstances\",\"ec2:DeleteLaunchTemplate\",\"ec2:CreateTags\",\"ec2:CreateLaunchTemplate\",\"ec2:CreateFleet\"],\"Effect\":\"Allow\",\"Resource\":[\"arn:aws:ec2:us-west-2::image/*\",\"arn:aws:ec2:us-west-2:707508416284:*\"]},{\"Action\":\"iam:PassRole\",\"Effect\":\"Allow\",\"Resource\":\"arn:aws:iam::707508416284:role/karpenter-cluster-eks-2023080202183823170000000c\"},{\"Action\":\"pricing:GetProducts\",\"Effect\":\"Allow\",\"Resource\":\"*\"},{\"Action\":\"ssm:GetParameter\",\"Effect\":\"Allow\",\"Resource\":\"arn:aws:ssm:us-west-2::parameter/*\"},{\"Action\":\"eks:DescribeCluster\",\"Effect\":\"Allow\",\"Resource\":\"arn:aws:eks:*:707508416284:cluster/cluster-eks\"},{\"Action\":\"ec2:TerminateInstances\",\"Condition\":{\"StringLike\":{\"ec2:ResourceTag/Name\":[\"*karpenter*\"]}},\"Effect\":\"Allow\",\"Resource\":\"arn:aws:ec2:us-west-2:707508416284:instance/*\"},{\"Action\":[\"sqs:ReceiveMessage\",\"sqs:GetQueueUrl\",\"sqs:GetQueueAttributes\",\"sqs:DeleteMessage\"],\"Effect\":\"Allow\",\"Resource\":\"arn:aws:sqs:us-west-2:707508416284:karpenter-cluster-eks\"}],\"Version\":\"2012-10-17\"}",
            "policy_id": "ANPA2JOWJV4OCDHTK63YH",
            "tags": {
              "Blueprint": "cluster-eks",
              "GithubRepo": "github.com/aws-ia/terraform-aws-eks-blueprints"
            },
            "tags_all": {
              "Blueprint": "cluster-eks",
              "GithubRepo": "github.com/aws-ia/terraform-aws-eks-blueprints"
            }
          },
          "sensitive_attributes": [],
          "private": "bnVsbA==",
          "dependencies": [
            "data.aws_availability_zones.available",
            "data.aws_ecrpublic_authorization_token.token",
            "module.eks.aws_cloudwatch_log_group.this",
            "module.eks.aws_eks_cluster.this",
            "module.eks.aws_iam_policy.cni_ipv6_policy",
            "module.eks.aws_iam_role.this",
            "module.eks.aws_iam_role_policy_attachment.this",
            "module.eks.aws_security_group.cluster",
            "module.eks.aws_security_group.node",
            "module.eks.aws_security_group_rule.cluster",
            "module.eks.aws_security_group_rule.node",
            "module.eks.data.aws_caller_identity.current",
            "module.eks.data.aws_iam_policy_document.assume_role_policy",
            "module.eks.data.aws_iam_policy_document.cni_ipv6_policy",
            "module.eks.data.aws_iam_session_context.current",
            "module.eks.data.aws_partition.current",
            "module.eks.module.kms.aws_kms_external_key.this",
            "module.eks.module.kms.aws_kms_key.this",
            "module.eks.module.kms.data.aws_caller_identity.current",
            "module.eks.module.kms.data.aws_iam_policy_document.this",
            "module.eks.module.kms.data.aws_partition.current",
            "module.eks_blueprints_addons.aws_iam_role.karpenter",
            "module.eks_blueprints_addons.data.aws_caller_identity.current",
            "module.eks_blueprints_addons.data.aws_iam_policy_document.karpenter",
            "module.eks_blueprints_addons.data.aws_iam_policy_document.karpenter_assume_role",
            "module.eks_blueprints_addons.data.aws_partition.current",
            "module.eks_blueprints_addons.data.aws_region.current",
            "module.eks_blueprints_addons.module.karpenter.data.aws_iam_policy_document.this",
            "module.eks_blueprints_addons.module.karpenter_sqs.aws_sqs_queue.this",
            "module.vpc.aws_subnet.private",
            "module.vpc.aws_vpc.this",
            "module.vpc.aws_vpc_ipv4_cidr_block_association.this"
          ]
        }
      ]
    },
    {
      "module": "module.eks_blueprints_addons.module.karpenter",
      "mode": "managed",
      "type": "aws_iam_role",
      "name": "this",
      "provider": "provider[\"registry.terraform.io/hashicorp/aws\"]",
      "instances": [
        {
          "index_key": 0,
          "schema_version": 0,
          "attributes": {
            "arn": "arn:aws:iam::707508416284:role/karpenter-20230802022412991900000002",
            "assume_role_policy": "{\"Statement\":[{\"Action\":\"sts:AssumeRoleWithWebIdentity\",\"Condition\":{\"StringEquals\":{\"oidc.eks.us-west-2.amazonaws.com/id/3F45BBF4C8195BC2C42E730256EC0D6D:aud\":\"sts.amazonaws.com\",\"oidc.eks.us-west-2.amazonaws.com/id/3F45BBF4C8195BC2C42E730256EC0D6D:sub\":\"system:serviceaccount:karpenter:karpenter\"}},\"Effect\":\"Allow\",\"Principal\":{\"Federated\":\"arn:aws:iam::707508416284:oidc-provider/oidc.eks.us-west-2.amazonaws.com/id/3F45BBF4C8195BC2C42E730256EC0D6D\"}}],\"Version\":\"2012-10-17\"}",
            "create_date": "2023-08-02T02:24:13Z",
            "description": "IRSA for Karpenter",
            "force_detach_policies": true,
            "id": "karpenter-20230802022412991900000002",
            "inline_policy": [],
            "managed_policy_arns": [],
            "max_session_duration": 3600,
            "name": "karpenter-20230802022412991900000002",
            "name_prefix": "karpenter-",
            "path": "/",
            "permissions_boundary": null,
            "tags": {
              "Blueprint": "cluster-eks",
              "GithubRepo": "github.com/aws-ia/terraform-aws-eks-blueprints"
            },
            "tags_all": {
              "Blueprint": "cluster-eks",
              "GithubRepo": "github.com/aws-ia/terraform-aws-eks-blueprints"
            },
            "unique_id": "AROA2JOWJV4ONGXIOSVW4"
          },
          "sensitive_attributes": [],
          "private": "bnVsbA==",
          "dependencies": [
            "data.aws_ecrpublic_authorization_token.token",
            "module.eks_blueprints_addons.module.karpenter.data.aws_iam_policy_document.assume"
          ]
        }
      ]
    },
    {
      "module": "module.eks_blueprints_addons.module.karpenter",
      "mode": "managed",
      "type": "aws_iam_role_policy_attachment",
      "name": "this",
      "provider": "provider[\"registry.terraform.io/hashicorp/aws\"]",
      "instances": [
        {
          "index_key": 0,
          "schema_version": 0,
          "attributes": {
            "id": "karpenter-20230802022412991900000002-20230802022414582700000003",
            "policy_arn": "arn:aws:iam::707508416284:policy/karpenter-2023080202190666750000000e",
            "role": "karpenter-20230802022412991900000002"
          },
          "sensitive_attributes": [],
          "private": "bnVsbA==",
          "dependencies": [
            "data.aws_ecrpublic_authorization_token.token",
            "module.eks_blueprints_addons.module.karpenter.aws_iam_policy.this",
            "module.eks_blueprints_addons.module.karpenter.aws_iam_role.this",
            "module.eks_blueprints_addons.module.karpenter.data.aws_iam_policy_document.assume"
          ]
        }
      ]
    },
    {
      "module": "module.eks_blueprints_addons.module.karpenter",
      "mode": "managed",
      "type": "helm_release",
      "name": "this",
      "provider": "provider[\"registry.terraform.io/hashicorp/helm\"]",
      "instances": [
        {
          "index_key": 0,
          "schema_version": 1,
          "attributes": {
            "atomic": false,
            "chart": "karpenter",
            "cleanup_on_fail": false,
            "create_namespace": true,
            "dependency_update": false,
            "description": "A Helm chart to deploy Karpenter",
            "devel": null,
            "disable_crd_hooks": false,
            "disable_openapi_validation": false,
            "disable_webhooks": false,
            "force_update": false,
            "id": "karpenter",
            "keyring": null,
            "lint": false,
            "manifest": null,
            "max_history": 0,
            "metadata": [
              {
                "app_version": "0.27.2",
                "chart": "karpenter",
                "name": "karpenter",
                "namespace": "karpenter",
                "revision": 1,
                "values": "{\"serviceAccount\":{\"annotations\":{\"eks.amazonaws.com/role-arn\":\"arn:aws:iam::707508416284:role/karpenter-20230802022412991900000002\"},\"name\":\"karpenter\"},\"settings\":{\"aws\":{\"clusterEndpoint\":\"https://3F45BBF4C8195BC2C42E730256EC0D6D.gr7.us-west-2.eks.amazonaws.com\",\"clusterName\":\"cluster-eks\",\"defaultInstanceProfile\":\"karpenter-cluster-eks-2023080202183953580000000d\",\"interruptionQueueName\":\"karpenter-cluster-eks\"}}}",
                "version": "v0.27.2"
              }
            ],
            "name": "karpenter",
            "namespace": "karpenter",
            "pass_credentials": false,
            "postrender": [],
            "recreate_pods": false,
            "render_subchart_notes": true,
            "replace": false,
            "repository": "oci://public.ecr.aws/karpenter",
            "repository_ca_file": null,
            "repository_cert_file": null,
            "repository_key_file": null,
            "repository_password": "eyJwYXlsb2FkIjoiVjRSSExtY2pKZ3A0NmZ4T1JMT1Bla0lKZ245aVZBSFdVbjlsS1FIOG1EZEVhUzBUcFhaczRzZkhFQ1BFVlhlZk5LSjVpMjFWRzgxRlpuZU44V3d6VnlzUnZoWUoxV2FKaUNSNjhGRUV2Q1JRc3lFNXBzbGxtMDlaTVJLRkt6bm9xTHlJY3ZoWW9USUwwU2JhRTRRc25IMU1jdm8wbkx6L0VMUlVWdkU2enJscUMxblNHa0tPaTFQMUxNZldzajNFcGcxZ25jdzhNTnN0MU5RMEZKeS8vaEhINXJwaC9sc0FLNm9aMDZzRWFsYzFHRXdQbU5hZXk4aDd3VXM4Mys2dnpCTGx5Sm9uRzdWdjRNUUR4UVZzUWFCelBSNXlDdjlSMkNGNjYvbE1ZUk80SStiMkRVaEplN2tpVXJDc1FoaFJRVTlrSUNsUmxLWDd5OEhmenJTWG1qcWgxeVFCcytDMGRZUHdoaEZMa0lJd1ZhVG1UbHhSeXVjNFoybWczNzdwZXM0M3VPTFByVnZyWnhjMGppa1A0cmN4YUtwQWN4UVpGNFpqakpNRkhud1ovU05sN1dyMXNGb0Y5WGgwckY2Rk96SGRaZ0ZPRllJUXpRb3pxQjFqQk5Hb2JjRkV2SUYyRm9ZZDI5MVhhRTF6ZG9oU2VlbmJKZ3hyS1RWUC82cUthUWhZSjFKbHF1djVwYjhlN1B2RXpqWkswU0FZQ2dNREtBK1RJYlBCTnRpamhCenZ2c0Y2RS9MZDl0MnVYdTZ6dURKSmNoUkpwNnlGQlU1YWVESldicXgybm1CQldiOUp6UnNmajl6SVBxUlkzU3JpbVd6M2ErbHduNlB5YzBUZzMyREhXVFliajlGdi9HWmp3Z3hlZU5nUFRSMjhreUROdEZRcXZkWDRac3dXZlVUd3hGWUNkMS9sWWNRNFlWUUNsL1JFbzYvVzJ6b2FQU3NPQ0hvaUVuZmpXZDdUTnU2Z3pFcis3Wk05bDlTMGZUa05QNkxxN0ZSK2xVdEFkRlVGOS9pTnU5dXBEcE16QkhCdEVva25ZSzMzRWtpMHZXR2FPSFNBclpSdE8wejl2U0QvaFF5S0FqVUNjaGtBMk1VdDJTUDhycm1KUklCbE9laG9RWDVFTmw2SVpnc2paSkVNV0hlMlRkQmVXWEZiVjNtdmhJNERKRHVnTlNFWUJSSXBDTUNLWDBWWDlHM24yZW1PSE83R2VvbXBtT0V1Um5xeEV4VlNnSWRmSzU3RHZFNVV2cmlXQ0tPNWMxbzB3OEUrdUM1UGpHMkhtb1lPMlNhQk05aHBObjg1M0o1elNVTG5wcU14OEdZZXk2YTlOYUptU0FRRTdOSDR6K2RVVnR3bGkvRldGMGd0VWpaYWhyT1ExbDBaQnRCU1d1d256UFJYMHR2dHJ3Yml1Vm1RUmlwWFlERDBVb3E5Rmd2dzBOUmdmREk1cVpnREpML2xyZWs4ZUZ5NCtpT1B4OUZYQVRROFpxaDV2Q1hEeDNzdXlZUVBJSWdTWGg3cGFKVWNwenFrcWJ0aHk4STdjTjMrTlZrYmU4STM5VHpFOCtadElGbXNWb2Fad3lrTE1TNUtmODlwWi9SUityMGU3bUF3TE5UQUdpdDlINEJQc1JhYU5BQ0E0bXhrU0c4UXdNcGtNR3lmOEEyWnBNR0U1VjR4L1RvOU94NjRjQVY2emJVN0NCYmJuQT09IiwiZGF0YWtleSI6ImV5SlFSRmdpT2lKWWNVZDBkbkpKVWtrNWVTdHhlVUo2VmpCUFoxZFNkR3RaVjFoTlRqZERZemN6ZWsxdGVITmxOMnhwTUc1bmNESmpORWx0YVVwRE0xSTFjRWhKYWpJeU5tWmlWbWRWVEVOdFV5dGtWMHBHTW5kMVUzbzFabmRDVDNCNGRWcExZM0p1Y3prNFIxbHRXakpGT0ZNeWEybENlRGRaU2xobmJqSTVRV2d2UVZaSldYUjJRazVyZDBsUlNrNHpRVkJ0V0dwWmJWaEZlRVZJWm1GNFZqUTJNVmszZFdkVVVUZzJRblJHV0hGdGJsRlhkRkIyVnpkclYwcDFSMjhyU1hSTFIwWkhhV3hHVEZaVk9VVkdiSGRRU21Kc2NHdGlabU01ZVhoMVYyWldXbnA0ZFRWeFdXbFRMMWhVTXpSNFJtZFlaREpYUTJZM2MxRTVhMXBWUWsxRU1XODNWVzV2YlVOYWFFbGhkblpOSzNOR2RIbFViaTlOTkdabWFWSjNOVWN2SzBSa09GcEhSVzB5WmxZeWVGYzBOM1Z0ZUhOeWNtWnFjbTFqU0RCalQzSkRLMEZOWkc1R1N6bFFWemxOY0hGSFJUTkJVRTh6VDNjOVBTSXNJa2xCUkNJNklrTkJhM2xyVVZNNVNVWlhhbkUxWlc1TGFFbFphME53TTFrNVp6Tk1LMWRCTkhOcFpWcHdhRzh4WXpaM056VnlUbXgyY0RsWWVtZFZWSG9yV25WRE0xTkRabEZ1U1dFeVdYTjROMXB1T1VKS01UVkJZMGcxZFdVeFRIcGxkRkJ1TmtWWGEwUkRMemRoVnk5TGVVeHRRa1YwVVd0MFV6aG5hVGxSUmsxaWRHbEdhVEIzU21zMGVHY3ZSbU5sU0UwMWF6RkdTbE5IVkd0a2JqQlNlVnBIVVdnd00wbFZXRGg2UVhkQmFrZEZhM2RrUm5oS1UwdDZXVUp6YjAxWWRtMUZSM2hLUW5adFZUVjJVRFZtYkZSeVJEaExkbXhtTnpGamFsTk5lVTVuTm14dFRqQkhURXQyUzFWeWFXUk9SVVZzTWxkelRVUldiRmRuVVN0VFkxVkRNVXRtVVRVeEt6WTBia1pwWTNwd1dYRldjWEprTTBwYWNHVjVXVkp2WmpaeGNtWTRkVE0zTmtvM2IxTnViVXN6TVRZMFdYWTFlWFZyVEV0Mk5HUjZNWGxqZG1OUWJXeHNRMjVpUjJkeGJ6ZG9ha0YyWVd4TVFUMDlJbjA9IiwidmVyc2lvbiI6IjMiLCJ0eXBlIjoiREFUQV9LRVkiLCJleHBpcmF0aW9uIjoxNjkwOTg2MjM4fQ==",
            "repository_username": "AWS",
            "reset_values": false,
            "reuse_values": false,
            "set": [
              {
                "name": "serviceAccount.annotations.eks\\.amazonaws\\.com/role-arn",
                "type": "",
                "value": "arn:aws:iam::707508416284:role/karpenter-20230802022412991900000002"
              },
              {
                "name": "serviceAccount.name",
                "type": "",
                "value": "karpenter"
              },
              {
                "name": "settings.aws.clusterEndpoint",
                "type": "",
                "value": "https://3F45BBF4C8195BC2C42E730256EC0D6D.gr7.us-west-2.eks.amazonaws.com"
              },
              {
                "name": "settings.aws.clusterName",
                "type": "",
                "value": "cluster-eks"
              },
              {
                "name": "settings.aws.defaultInstanceProfile",
                "type": "",
                "value": "karpenter-cluster-eks-2023080202183953580000000d"
              },
              {
                "name": "settings.aws.interruptionQueueName",
                "type": "",
                "value": "karpenter-cluster-eks"
              }
            ],
            "set_list": [],
            "set_sensitive": [],
            "skip_crds": false,
            "status": "deployed",
            "timeout": 300,
            "values": [],
            "verify": false,
            "version": "v0.27.2",
            "wait": false,
            "wait_for_jobs": false
          },
          "sensitive_attributes": [
            [
              {
                "type": "get_attr",
                "value": "repository_password"
              }
            ]
          ],
          "private": "eyJzY2hlbWFfdmVyc2lvbiI6IjEifQ==",
          "dependencies": [
            "data.aws_availability_zones.available",
            "data.aws_ecrpublic_authorization_token.token",
            "module.eks.aws_eks_cluster.this",
            "module.eks.aws_iam_openid_connect_provider.oidc_provider",
            "module.eks.module.fargate_profile.aws_eks_fargate_profile.this",
            "module.eks.module.fargate_profile.aws_iam_role.this",
            "module.eks.module.fargate_profile.aws_iam_role_policy_attachment.additional",
            "module.eks.module.fargate_profile.aws_iam_role_policy_attachment.this",
            "module.eks.module.fargate_profile.data.aws_caller_identity.current",
            "module.eks.module.fargate_profile.data.aws_iam_policy_document.assume_role_policy",
            "module.eks.module.fargate_profile.data.aws_partition.current",
            "module.eks.time_sleep.this",
            "module.eks_blueprints_addons.aws_iam_instance_profile.karpenter",
            "module.eks_blueprints_addons.module.karpenter.aws_iam_role.this",
            "module.eks_blueprints_addons.module.karpenter.data.aws_iam_policy_document.assume",
            "module.eks_blueprints_addons.module.karpenter_sqs.aws_sqs_queue.this",
            "module.eks_blueprints_addons.time_sleep.this",
            "module.vpc.aws_subnet.private"
          ]
        }
      ]
    },
    {
      "module": "module.eks_blueprints_addons.module.karpenter_sqs",
      "mode": "data",
      "type": "aws_iam_policy_document",
      "name": "this",
      "provider": "provider[\"registry.terraform.io/hashicorp/aws\"]",
      "instances": [
        {
          "index_key": 0,
          "schema_version": 0,
          "attributes": {
            "id": "3177154643",
            "json": "{\n  \"Version\": \"2012-10-17\",\n  \"Statement\": [\n    {\n      \"Sid\": \"SendEventsToQueue\",\n      \"Effect\": \"Allow\",\n      \"Action\": \"sqs:SendMessage\",\n      \"Resource\": \"arn:aws:sqs:us-west-2:707508416284:karpenter-cluster-eks\",\n      \"Principal\": {\n        \"Service\": [\n          \"sqs.amazonaws.com\",\n          \"events.amazonaws.com\"\n        ]\n      }\n    }\n  ]\n}",
            "override_policy_documents": null,
            "policy_id": null,
            "source_policy_documents": null,
            "statement": [
              {
                "actions": [
                  "sqs:SendMessage"
                ],
                "condition": [],
                "effect": "Allow",
                "not_actions": [],
                "not_principals": [],
                "not_resources": [],
                "principals": [
                  {
                    "identifiers": [
                      "events.amazonaws.com",
                      "sqs.amazonaws.com"
                    ],
                    "type": "Service"
                  }
                ],
                "resources": [
                  "arn:aws:sqs:us-west-2:707508416284:karpenter-cluster-eks"
                ],
                "sid": "SendEventsToQueue"
              }
            ],
            "version": "2012-10-17"
          },
          "sensitive_attributes": []
        }
      ]
    },
    {
      "module": "module.eks_blueprints_addons.module.karpenter_sqs",
      "mode": "managed",
      "type": "aws_sqs_queue",
      "name": "this",
      "provider": "provider[\"registry.terraform.io/hashicorp/aws\"]",
      "instances": [
        {
          "index_key": 0,
          "schema_version": 0,
          "attributes": {
            "arn": "arn:aws:sqs:us-west-2:707508416284:karpenter-cluster-eks",
            "content_based_deduplication": false,
            "deduplication_scope": "",
            "delay_seconds": 0,
            "fifo_queue": false,
            "fifo_throughput_limit": "",
            "id": "https://sqs.us-west-2.amazonaws.com/707508416284/karpenter-cluster-eks",
            "kms_data_key_reuse_period_seconds": 300,
            "kms_master_key_id": "",
            "max_message_size": 262144,
            "message_retention_seconds": 300,
            "name": "karpenter-cluster-eks",
            "name_prefix": "",
            "policy": "{\"Statement\":[{\"Action\":\"sqs:SendMessage\",\"Effect\":\"Allow\",\"Principal\":{\"Service\":[\"events.amazonaws.com\",\"sqs.amazonaws.com\"]},\"Resource\":\"arn:aws:sqs:us-west-2:707508416284:karpenter-cluster-eks\",\"Sid\":\"SendEventsToQueue\"}],\"Version\":\"2012-10-17\"}",
            "receive_wait_time_seconds": 0,
            "redrive_allow_policy": "",
            "redrive_policy": "",
            "sqs_managed_sse_enabled": true,
            "tags": {
              "Blueprint": "cluster-eks",
              "GithubRepo": "github.com/aws-ia/terraform-aws-eks-blueprints"
            },
            "tags_all": {
              "Blueprint": "cluster-eks",
              "GithubRepo": "github.com/aws-ia/terraform-aws-eks-blueprints"
            },
            "url": "https://sqs.us-west-2.amazonaws.com/707508416284/karpenter-cluster-eks",
            "visibility_timeout_seconds": 30
          },
          "sensitive_attributes": [],
          "private": "bnVsbA==",
          "dependencies": [
            "data.aws_availability_zones.available",
            "module.eks.aws_cloudwatch_log_group.this",
            "module.eks.aws_eks_cluster.this",
            "module.eks.aws_iam_policy.cni_ipv6_policy",
            "module.eks.aws_iam_role.this",
            "module.eks.aws_iam_role_policy_attachment.this",
            "module.eks.aws_security_group.cluster",
            "module.eks.aws_security_group.node",
            "module.eks.aws_security_group_rule.cluster",
            "module.eks.aws_security_group_rule.node",
            "module.eks.data.aws_caller_identity.current",
            "module.eks.data.aws_iam_policy_document.assume_role_policy",
            "module.eks.data.aws_iam_policy_document.cni_ipv6_policy",
            "module.eks.data.aws_iam_session_context.current",
            "module.eks.data.aws_partition.current",
            "module.eks.module.kms.aws_kms_external_key.this",
            "module.eks.module.kms.aws_kms_key.this",
            "module.eks.module.kms.data.aws_caller_identity.current",
            "module.eks.module.kms.data.aws_iam_policy_document.this",
            "module.eks.module.kms.data.aws_partition.current",
            "module.vpc.aws_subnet.private",
            "module.vpc.aws_vpc.this",
            "module.vpc.aws_vpc_ipv4_cidr_block_association.this"
          ]
        }
      ]
    },
    {
      "module": "module.eks_blueprints_addons.module.karpenter_sqs",
      "mode": "managed",
      "type": "aws_sqs_queue_policy",
      "name": "this",
      "provider": "provider[\"registry.terraform.io/hashicorp/aws\"]",
      "instances": [
        {
          "index_key": 0,
          "schema_version": 1,
          "attributes": {
            "id": "https://sqs.us-west-2.amazonaws.com/707508416284/karpenter-cluster-eks",
            "policy": "{\"Statement\":[{\"Action\":\"sqs:SendMessage\",\"Effect\":\"Allow\",\"Principal\":{\"Service\":[\"sqs.amazonaws.com\",\"events.amazonaws.com\"]},\"Resource\":\"arn:aws:sqs:us-west-2:707508416284:karpenter-cluster-eks\",\"Sid\":\"SendEventsToQueue\"}],\"Version\":\"2012-10-17\"}",
            "queue_url": "https://sqs.us-west-2.amazonaws.com/707508416284/karpenter-cluster-eks"
          },
          "sensitive_attributes": [],
          "private": "eyJzY2hlbWFfdmVyc2lvbiI6IjEifQ==",
          "dependencies": [
            "data.aws_availability_zones.available",
            "module.eks.aws_cloudwatch_log_group.this",
            "module.eks.aws_eks_cluster.this",
            "module.eks.aws_iam_policy.cni_ipv6_policy",
            "module.eks.aws_iam_role.this",
            "module.eks.aws_iam_role_policy_attachment.this",
            "module.eks.aws_security_group.cluster",
            "module.eks.aws_security_group.node",
            "module.eks.aws_security_group_rule.cluster",
            "module.eks.aws_security_group_rule.node",
            "module.eks.data.aws_caller_identity.current",
            "module.eks.data.aws_iam_policy_document.assume_role_policy",
            "module.eks.data.aws_iam_policy_document.cni_ipv6_policy",
            "module.eks.data.aws_iam_session_context.current",
            "module.eks.data.aws_partition.current",
            "module.eks.module.kms.aws_kms_external_key.this",
            "module.eks.module.kms.aws_kms_key.this",
            "module.eks.module.kms.data.aws_caller_identity.current",
            "module.eks.module.kms.data.aws_iam_policy_document.this",
            "module.eks.module.kms.data.aws_partition.current",
            "module.eks_blueprints_addons.data.aws_partition.current",
            "module.eks_blueprints_addons.module.karpenter_sqs.aws_sqs_queue.this",
            "module.eks_blueprints_addons.module.karpenter_sqs.data.aws_iam_policy_document.this",
            "module.vpc.aws_subnet.private",
            "module.vpc.aws_vpc.this",
            "module.vpc.aws_vpc_ipv4_cidr_block_association.this"
          ]
        }
      ]
    },
    {
      "module": "module.vpc",
      "mode": "managed",
      "type": "aws_default_network_acl",
      "name": "this",
      "provider": "provider[\"registry.terraform.io/hashicorp/aws\"]",
      "instances": [
        {
          "index_key": 0,
          "schema_version": 0,
          "attributes": {
            "arn": "arn:aws:ec2:us-west-2:707508416284:network-acl/acl-09d266c442b611a7a",
            "default_network_acl_id": "acl-09d266c442b611a7a",
            "egress": [
              {
                "action": "allow",
                "cidr_block": "",
                "from_port": 0,
                "icmp_code": null,
                "icmp_type": null,
                "ipv6_cidr_block": "::/0",
                "protocol": "-1",
                "rule_no": 101,
                "to_port": 0
              },
              {
                "action": "allow",
                "cidr_block": "0.0.0.0/0",
                "from_port": 0,
                "icmp_code": null,
                "icmp_type": null,
                "ipv6_cidr_block": "",
                "protocol": "-1",
                "rule_no": 100,
                "to_port": 0
              }
            ],
            "id": "acl-09d266c442b611a7a",
            "ingress": [
              {
                "action": "allow",
                "cidr_block": "",
                "from_port": 0,
                "icmp_code": null,
                "icmp_type": null,
                "ipv6_cidr_block": "::/0",
                "protocol": "-1",
                "rule_no": 101,
                "to_port": 0
              },
              {
                "action": "allow",
                "cidr_block": "0.0.0.0/0",
                "from_port": 0,
                "icmp_code": null,
                "icmp_type": null,
                "ipv6_cidr_block": "",
                "protocol": "-1",
                "rule_no": 100,
                "to_port": 0
              }
            ],
            "owner_id": "707508416284",
            "subnet_ids": [
              "subnet-02a4a0a3ad294ae09",
              "subnet-0628c1c48014ae6b9",
              "subnet-0768969bba7aa442b",
              "subnet-097130803ecdd0f9e",
              "subnet-0de049826ab6c7005",
              "subnet-0f4751186e9a49b1d"
            ],
            "tags": {
              "Blueprint": "cluster-eks",
              "GithubRepo": "github.com/aws-ia/terraform-aws-eks-blueprints",
              "Name": "cluster-eks-default"
            },
            "tags_all": {
              "Blueprint": "cluster-eks",
              "GithubRepo": "github.com/aws-ia/terraform-aws-eks-blueprints",
              "Name": "cluster-eks-default"
            },
            "vpc_id": "vpc-0d502fb1cf3a0e484"
          },
          "sensitive_attributes": [],
          "private": "bnVsbA==",
          "dependencies": [
            "module.vpc.aws_vpc.this"
          ]
        }
      ]
    },
    {
      "module": "module.vpc",
      "mode": "managed",
      "type": "aws_default_route_table",
      "name": "default",
      "provider": "provider[\"registry.terraform.io/hashicorp/aws\"]",
      "instances": [
        {
          "index_key": 0,
          "schema_version": 0,
          "attributes": {
            "arn": "arn:aws:ec2:us-west-2:707508416284:route-table/rtb-0ded523a76f5b5cb1",
            "default_route_table_id": "rtb-0ded523a76f5b5cb1",
            "id": "rtb-0ded523a76f5b5cb1",
            "owner_id": "707508416284",
            "propagating_vgws": null,
            "route": [],
            "tags": {
              "Blueprint": "cluster-eks",
              "GithubRepo": "github.com/aws-ia/terraform-aws-eks-blueprints",
              "Name": "cluster-eks-default"
            },
            "tags_all": {
              "Blueprint": "cluster-eks",
              "GithubRepo": "github.com/aws-ia/terraform-aws-eks-blueprints",
              "Name": "cluster-eks-default"
            },
            "timeouts": {
              "create": "5m",
              "update": "5m"
            },
            "vpc_id": "vpc-0d502fb1cf3a0e484"
          },
          "sensitive_attributes": [],
          "private": "eyJlMmJmYjczMC1lY2FhLTExZTYtOGY4OC0zNDM2M2JjN2M0YzAiOnsiY3JlYXRlIjozMDAwMDAwMDAwMDAsInVwZGF0ZSI6MzAwMDAwMDAwMDAwfX0=",
          "dependencies": [
            "module.vpc.aws_vpc.this"
          ]
        }
      ]
    },
    {
      "module": "module.vpc",
      "mode": "managed",
      "type": "aws_default_security_group",
      "name": "this",
      "provider": "provider[\"registry.terraform.io/hashicorp/aws\"]",
      "instances": [
        {
          "index_key": 0,
          "schema_version": 1,
          "attributes": {
            "arn": "arn:aws:ec2:us-west-2:707508416284:security-group/sg-089cac0e157bf6893",
            "description": "default VPC security group",
            "egress": [],
            "id": "sg-089cac0e157bf6893",
            "ingress": [],
            "name": "default",
            "name_prefix": "",
            "owner_id": "707508416284",
            "revoke_rules_on_delete": false,
            "tags": {
              "Blueprint": "cluster-eks",
              "GithubRepo": "github.com/aws-ia/terraform-aws-eks-blueprints",
              "Name": "cluster-eks-default"
            },
            "tags_all": {
              "Blueprint": "cluster-eks",
              "GithubRepo": "github.com/aws-ia/terraform-aws-eks-blueprints",
              "Name": "cluster-eks-default"
            },
            "vpc_id": "vpc-0d502fb1cf3a0e484"
          },
          "sensitive_attributes": [],
          "private": "eyJzY2hlbWFfdmVyc2lvbiI6IjEifQ==",
          "dependencies": [
            "module.vpc.aws_vpc.this"
          ]
        }
      ]
    },
    {
      "module": "module.vpc",
      "mode": "managed",
      "type": "aws_eip",
      "name": "nat",
      "provider": "provider[\"registry.terraform.io/hashicorp/aws\"]",
      "instances": [
        {
          "index_key": 0,
          "schema_version": 0,
          "attributes": {
            "address": null,
            "allocation_id": "eipalloc-0628da9ba58325fbb",
            "associate_with_private_ip": null,
            "association_id": "",
            "carrier_ip": "",
            "customer_owned_ip": "",
            "customer_owned_ipv4_pool": "",
            "domain": "vpc",
            "id": "eipalloc-0628da9ba58325fbb",
            "instance": "",
            "network_border_group": "us-west-2",
            "network_interface": "",
            "private_dns": null,
            "private_ip": "",
            "public_dns": "ec2-54-68-228-70.us-west-2.compute.amazonaws.com",
            "public_ip": "54.68.228.70",
            "public_ipv4_pool": "amazon",
            "tags": {
              "Blueprint": "cluster-eks",
              "GithubRepo": "github.com/aws-ia/terraform-aws-eks-blueprints",
              "Name": "cluster-eks-us-west-2a"
            },
            "tags_all": {
              "Blueprint": "cluster-eks",
              "GithubRepo": "github.com/aws-ia/terraform-aws-eks-blueprints",
              "Name": "cluster-eks-us-west-2a"
            },
            "timeouts": null,
            "vpc": true
          },
          "sensitive_attributes": [],
          "private": "eyJlMmJmYjczMC1lY2FhLTExZTYtOGY4OC0zNDM2M2JjN2M0YzAiOnsiZGVsZXRlIjoxODAwMDAwMDAwMDAsInJlYWQiOjkwMDAwMDAwMDAwMCwidXBkYXRlIjozMDAwMDAwMDAwMDB9fQ==",
          "dependencies": [
            "data.aws_availability_zones.available",
            "module.vpc.aws_internet_gateway.this",
            "module.vpc.aws_vpc.this",
            "module.vpc.aws_vpc_ipv4_cidr_block_association.this"
          ]
        }
      ]
    },
    {
      "module": "module.vpc",
      "mode": "managed",
      "type": "aws_internet_gateway",
      "name": "this",
      "provider": "provider[\"registry.terraform.io/hashicorp/aws\"]",
      "instances": [
        {
          "index_key": 0,
          "schema_version": 0,
          "attributes": {
            "arn": "arn:aws:ec2:us-west-2:707508416284:internet-gateway/igw-0079eaf4b6f46635c",
            "id": "igw-0079eaf4b6f46635c",
            "owner_id": "707508416284",
            "tags": {
              "Blueprint": "cluster-eks",
              "GithubRepo": "github.com/aws-ia/terraform-aws-eks-blueprints",
              "Name": "cluster-eks"
            },
            "tags_all": {
              "Blueprint": "cluster-eks",
              "GithubRepo": "github.com/aws-ia/terraform-aws-eks-blueprints",
              "Name": "cluster-eks"
            },
            "timeouts": null,
            "vpc_id": "vpc-0d502fb1cf3a0e484"
          },
          "sensitive_attributes": [],
          "private": "eyJlMmJmYjczMC1lY2FhLTExZTYtOGY4OC0zNDM2M2JjN2M0YzAiOnsiY3JlYXRlIjoxMjAwMDAwMDAwMDAwLCJkZWxldGUiOjEyMDAwMDAwMDAwMDAsInVwZGF0ZSI6MTIwMDAwMDAwMDAwMH19",
          "dependencies": [
            "data.aws_availability_zones.available",
            "module.vpc.aws_vpc.this",
            "module.vpc.aws_vpc_ipv4_cidr_block_association.this"
          ]
        }
      ]
    },
    {
      "module": "module.vpc",
      "mode": "managed",
      "type": "aws_nat_gateway",
      "name": "this",
      "provider": "provider[\"registry.terraform.io/hashicorp/aws\"]",
      "instances": [
        {
          "index_key": 0,
          "schema_version": 0,
          "attributes": {
            "allocation_id": "eipalloc-0628da9ba58325fbb",
            "association_id": "eipassoc-087f245600367dd9f",
            "connectivity_type": "public",
            "id": "nat-03c944d4daddb2831",
            "network_interface_id": "eni-0c3b2a11b89089d30",
            "private_ip": "10.0.48.164",
            "public_ip": "54.68.228.70",
            "secondary_allocation_ids": null,
            "secondary_private_ip_address_count": 0,
            "secondary_private_ip_addresses": [],
            "subnet_id": "subnet-02a4a0a3ad294ae09",
            "tags": {
              "Blueprint": "cluster-eks",
              "GithubRepo": "github.com/aws-ia/terraform-aws-eks-blueprints",
              "Name": "cluster-eks-us-west-2a"
            },
            "tags_all": {
              "Blueprint": "cluster-eks",
              "GithubRepo": "github.com/aws-ia/terraform-aws-eks-blueprints",
              "Name": "cluster-eks-us-west-2a"
            },
            "timeouts": null
          },
          "sensitive_attributes": [],
          "private": "eyJlMmJmYjczMC1lY2FhLTExZTYtOGY4OC0zNDM2M2JjN2M0YzAiOnsiY3JlYXRlIjo2MDAwMDAwMDAwMDAsImRlbGV0ZSI6MTgwMDAwMDAwMDAwMCwidXBkYXRlIjo2MDAwMDAwMDAwMDB9fQ==",
          "dependencies": [
            "data.aws_availability_zones.available",
            "module.vpc.aws_eip.nat",
            "module.vpc.aws_internet_gateway.this",
            "module.vpc.aws_subnet.public",
            "module.vpc.aws_vpc.this",
            "module.vpc.aws_vpc_ipv4_cidr_block_association.this"
          ]
        }
      ]
    },
    {
      "module": "module.vpc",
      "mode": "managed",
      "type": "aws_route",
      "name": "private_nat_gateway",
      "provider": "provider[\"registry.terraform.io/hashicorp/aws\"]",
      "instances": [
        {
          "index_key": 0,
          "schema_version": 0,
          "attributes": {
            "carrier_gateway_id": "",
            "core_network_arn": "",
            "destination_cidr_block": "0.0.0.0/0",
            "destination_ipv6_cidr_block": "",
            "destination_prefix_list_id": "",
            "egress_only_gateway_id": "",
            "gateway_id": "",
            "id": "r-rtb-04938f8a0bd186b2c1080289494",
            "instance_id": "",
            "instance_owner_id": "",
            "local_gateway_id": "",
            "nat_gateway_id": "nat-03c944d4daddb2831",
            "network_interface_id": "",
            "origin": "CreateRoute",
            "route_table_id": "rtb-04938f8a0bd186b2c",
            "state": "active",
            "timeouts": {
              "create": "5m",
              "delete": null,
              "update": null
            },
            "transit_gateway_id": "",
            "vpc_endpoint_id": "",
            "vpc_peering_connection_id": ""
          },
          "sensitive_attributes": [],
          "private": "eyJlMmJmYjczMC1lY2FhLTExZTYtOGY4OC0zNDM2M2JjN2M0YzAiOnsiY3JlYXRlIjozMDAwMDAwMDAwMDAsImRlbGV0ZSI6MzAwMDAwMDAwMDAwLCJ1cGRhdGUiOjEyMDAwMDAwMDAwMH19",
          "dependencies": [
            "data.aws_availability_zones.available",
            "module.vpc.aws_eip.nat",
            "module.vpc.aws_internet_gateway.this",
            "module.vpc.aws_nat_gateway.this",
            "module.vpc.aws_route_table.private",
            "module.vpc.aws_subnet.public",
            "module.vpc.aws_vpc.this",
            "module.vpc.aws_vpc_ipv4_cidr_block_association.this"
          ]
        }
      ]
    },
    {
      "module": "module.vpc",
      "mode": "managed",
      "type": "aws_route",
      "name": "public_internet_gateway",
      "provider": "provider[\"registry.terraform.io/hashicorp/aws\"]",
      "instances": [
        {
          "index_key": 0,
          "schema_version": 0,
          "attributes": {
            "carrier_gateway_id": "",
            "core_network_arn": "",
            "destination_cidr_block": "0.0.0.0/0",
            "destination_ipv6_cidr_block": "",
            "destination_prefix_list_id": "",
            "egress_only_gateway_id": "",
            "gateway_id": "igw-0079eaf4b6f46635c",
            "id": "r-rtb-013a222b8757045ac1080289494",
            "instance_id": "",
            "instance_owner_id": "",
            "local_gateway_id": "",
            "nat_gateway_id": "",
            "network_interface_id": "",
            "origin": "CreateRoute",
            "route_table_id": "rtb-013a222b8757045ac",
            "state": "active",
            "timeouts": {
              "create": "5m",
              "delete": null,
              "update": null
            },
            "transit_gateway_id": "",
            "vpc_endpoint_id": "",
            "vpc_peering_connection_id": ""
          },
          "sensitive_attributes": [],
          "private": "eyJlMmJmYjczMC1lY2FhLTExZTYtOGY4OC0zNDM2M2JjN2M0YzAiOnsiY3JlYXRlIjozMDAwMDAwMDAwMDAsImRlbGV0ZSI6MzAwMDAwMDAwMDAwLCJ1cGRhdGUiOjEyMDAwMDAwMDAwMH19",
          "dependencies": [
            "data.aws_availability_zones.available",
            "module.vpc.aws_internet_gateway.this",
            "module.vpc.aws_route_table.public",
            "module.vpc.aws_vpc.this",
            "module.vpc.aws_vpc_ipv4_cidr_block_association.this"
          ]
        }
      ]
    },
    {
      "module": "module.vpc",
      "mode": "managed",
      "type": "aws_route_table",
      "name": "private",
      "provider": "provider[\"registry.terraform.io/hashicorp/aws\"]",
      "instances": [
        {
          "index_key": 0,
          "schema_version": 0,
          "attributes": {
            "arn": "arn:aws:ec2:us-west-2:707508416284:route-table/rtb-04938f8a0bd186b2c",
            "id": "rtb-04938f8a0bd186b2c",
            "owner_id": "707508416284",
            "propagating_vgws": [],
            "route": [],
            "tags": {
              "Blueprint": "cluster-eks",
              "GithubRepo": "github.com/aws-ia/terraform-aws-eks-blueprints",
              "Name": "cluster-eks-private"
            },
            "tags_all": {
              "Blueprint": "cluster-eks",
              "GithubRepo": "github.com/aws-ia/terraform-aws-eks-blueprints",
              "Name": "cluster-eks-private"
            },
            "timeouts": null,
            "vpc_id": "vpc-0d502fb1cf3a0e484"
          },
          "sensitive_attributes": [],
          "private": "eyJlMmJmYjczMC1lY2FhLTExZTYtOGY4OC0zNDM2M2JjN2M0YzAiOnsiY3JlYXRlIjozMDAwMDAwMDAwMDAsImRlbGV0ZSI6MzAwMDAwMDAwMDAwLCJ1cGRhdGUiOjEyMDAwMDAwMDAwMH19",
          "dependencies": [
            "data.aws_availability_zones.available",
            "module.vpc.aws_vpc.this",
            "module.vpc.aws_vpc_ipv4_cidr_block_association.this"
          ]
        }
      ]
    },
    {
      "module": "module.vpc",
      "mode": "managed",
      "type": "aws_route_table",
      "name": "public",
      "provider": "provider[\"registry.terraform.io/hashicorp/aws\"]",
      "instances": [
        {
          "index_key": 0,
          "schema_version": 0,
          "attributes": {
            "arn": "arn:aws:ec2:us-west-2:707508416284:route-table/rtb-013a222b8757045ac",
            "id": "rtb-013a222b8757045ac",
            "owner_id": "707508416284",
            "propagating_vgws": [],
            "route": [],
            "tags": {
              "Blueprint": "cluster-eks",
              "GithubRepo": "github.com/aws-ia/terraform-aws-eks-blueprints",
              "Name": "cluster-eks-public"
            },
            "tags_all": {
              "Blueprint": "cluster-eks",
              "GithubRepo": "github.com/aws-ia/terraform-aws-eks-blueprints",
              "Name": "cluster-eks-public"
            },
            "timeouts": null,
            "vpc_id": "vpc-0d502fb1cf3a0e484"
          },
          "sensitive_attributes": [],
          "private": "eyJlMmJmYjczMC1lY2FhLTExZTYtOGY4OC0zNDM2M2JjN2M0YzAiOnsiY3JlYXRlIjozMDAwMDAwMDAwMDAsImRlbGV0ZSI6MzAwMDAwMDAwMDAwLCJ1cGRhdGUiOjEyMDAwMDAwMDAwMH19",
          "dependencies": [
            "data.aws_availability_zones.available",
            "module.vpc.aws_vpc.this",
            "module.vpc.aws_vpc_ipv4_cidr_block_association.this"
          ]
        }
      ]
    },
    {
      "module": "module.vpc",
      "mode": "managed",
      "type": "aws_route_table_association",
      "name": "private",
      "provider": "provider[\"registry.terraform.io/hashicorp/aws\"]",
      "instances": [
        {
          "index_key": 0,
          "schema_version": 0,
          "attributes": {
            "gateway_id": "",
            "id": "rtbassoc-01e32e901530b4bee",
            "route_table_id": "rtb-04938f8a0bd186b2c",
            "subnet_id": "subnet-0de049826ab6c7005",
            "timeouts": null
          },
          "sensitive_attributes": [],
          "private": "eyJlMmJmYjczMC1lY2FhLTExZTYtOGY4OC0zNDM2M2JjN2M0YzAiOnsiY3JlYXRlIjozMDAwMDAwMDAwMDAsImRlbGV0ZSI6MzAwMDAwMDAwMDAwLCJ1cGRhdGUiOjEyMDAwMDAwMDAwMH19",
          "dependencies": [
            "data.aws_availability_zones.available",
            "module.vpc.aws_route_table.private",
            "module.vpc.aws_subnet.private",
            "module.vpc.aws_vpc.this",
            "module.vpc.aws_vpc_ipv4_cidr_block_association.this"
          ]
        },
        {
          "index_key": 1,
          "schema_version": 0,
          "attributes": {
            "gateway_id": "",
            "id": "rtbassoc-0a41316134f2d94a4",
            "route_table_id": "rtb-04938f8a0bd186b2c",
            "subnet_id": "subnet-0628c1c48014ae6b9",
            "timeouts": null
          },
          "sensitive_attributes": [],
          "private": "eyJlMmJmYjczMC1lY2FhLTExZTYtOGY4OC0zNDM2M2JjN2M0YzAiOnsiY3JlYXRlIjozMDAwMDAwMDAwMDAsImRlbGV0ZSI6MzAwMDAwMDAwMDAwLCJ1cGRhdGUiOjEyMDAwMDAwMDAwMH19",
          "dependencies": [
            "data.aws_availability_zones.available",
            "module.vpc.aws_route_table.private",
            "module.vpc.aws_subnet.private",
            "module.vpc.aws_vpc.this",
            "module.vpc.aws_vpc_ipv4_cidr_block_association.this"
          ]
        },
        {
          "index_key": 2,
          "schema_version": 0,
          "attributes": {
            "gateway_id": "",
            "id": "rtbassoc-03af85b74f21a102a",
            "route_table_id": "rtb-04938f8a0bd186b2c",
            "subnet_id": "subnet-0f4751186e9a49b1d",
            "timeouts": null
          },
          "sensitive_attributes": [],
          "private": "eyJlMmJmYjczMC1lY2FhLTExZTYtOGY4OC0zNDM2M2JjN2M0YzAiOnsiY3JlYXRlIjozMDAwMDAwMDAwMDAsImRlbGV0ZSI6MzAwMDAwMDAwMDAwLCJ1cGRhdGUiOjEyMDAwMDAwMDAwMH19",
          "dependencies": [
            "data.aws_availability_zones.available",
            "module.vpc.aws_route_table.private",
            "module.vpc.aws_subnet.private",
            "module.vpc.aws_vpc.this",
            "module.vpc.aws_vpc_ipv4_cidr_block_association.this"
          ]
        }
      ]
    },
    {
      "module": "module.vpc",
      "mode": "managed",
      "type": "aws_route_table_association",
      "name": "public",
      "provider": "provider[\"registry.terraform.io/hashicorp/aws\"]",
      "instances": [
        {
          "index_key": 0,
          "schema_version": 0,
          "attributes": {
            "gateway_id": "",
            "id": "rtbassoc-0f0fabb5867df50e2",
            "route_table_id": "rtb-013a222b8757045ac",
            "subnet_id": "subnet-02a4a0a3ad294ae09",
            "timeouts": null
          },
          "sensitive_attributes": [],
          "private": "eyJlMmJmYjczMC1lY2FhLTExZTYtOGY4OC0zNDM2M2JjN2M0YzAiOnsiY3JlYXRlIjozMDAwMDAwMDAwMDAsImRlbGV0ZSI6MzAwMDAwMDAwMDAwLCJ1cGRhdGUiOjEyMDAwMDAwMDAwMH19",
          "dependencies": [
            "data.aws_availability_zones.available",
            "module.vpc.aws_route_table.public",
            "module.vpc.aws_subnet.public",
            "module.vpc.aws_vpc.this",
            "module.vpc.aws_vpc_ipv4_cidr_block_association.this"
          ]
        },
        {
          "index_key": 1,
          "schema_version": 0,
          "attributes": {
            "gateway_id": "",
            "id": "rtbassoc-0a11d610fe1299904",
            "route_table_id": "rtb-013a222b8757045ac",
            "subnet_id": "subnet-0768969bba7aa442b",
            "timeouts": null
          },
          "sensitive_attributes": [],
          "private": "eyJlMmJmYjczMC1lY2FhLTExZTYtOGY4OC0zNDM2M2JjN2M0YzAiOnsiY3JlYXRlIjozMDAwMDAwMDAwMDAsImRlbGV0ZSI6MzAwMDAwMDAwMDAwLCJ1cGRhdGUiOjEyMDAwMDAwMDAwMH19",
          "dependencies": [
            "data.aws_availability_zones.available",
            "module.vpc.aws_route_table.public",
            "module.vpc.aws_subnet.public",
            "module.vpc.aws_vpc.this",
            "module.vpc.aws_vpc_ipv4_cidr_block_association.this"
          ]
        },
        {
          "index_key": 2,
          "schema_version": 0,
          "attributes": {
            "gateway_id": "",
            "id": "rtbassoc-09ec7a197bd6a0d8b",
            "route_table_id": "rtb-013a222b8757045ac",
            "subnet_id": "subnet-097130803ecdd0f9e",
            "timeouts": null
          },
          "sensitive_attributes": [],
          "private": "eyJlMmJmYjczMC1lY2FhLTExZTYtOGY4OC0zNDM2M2JjN2M0YzAiOnsiY3JlYXRlIjozMDAwMDAwMDAwMDAsImRlbGV0ZSI6MzAwMDAwMDAwMDAwLCJ1cGRhdGUiOjEyMDAwMDAwMDAwMH19",
          "dependencies": [
            "data.aws_availability_zones.available",
            "module.vpc.aws_route_table.public",
            "module.vpc.aws_subnet.public",
            "module.vpc.aws_vpc.this",
            "module.vpc.aws_vpc_ipv4_cidr_block_association.this"
          ]
        }
      ]
    },
    {
      "module": "module.vpc",
      "mode": "managed",
      "type": "aws_subnet",
      "name": "private",
      "provider": "provider[\"registry.terraform.io/hashicorp/aws\"]",
      "instances": [
        {
          "index_key": 0,
          "schema_version": 1,
          "attributes": {
            "arn": "arn:aws:ec2:us-west-2:707508416284:subnet/subnet-0de049826ab6c7005",
            "assign_ipv6_address_on_creation": false,
            "availability_zone": "us-west-2a",
            "availability_zone_id": "usw2-az1",
            "cidr_block": "10.0.0.0/20",
            "customer_owned_ipv4_pool": "",
            "enable_dns64": false,
            "enable_lni_at_device_index": 0,
            "enable_resource_name_dns_a_record_on_launch": false,
            "enable_resource_name_dns_aaaa_record_on_launch": false,
            "id": "subnet-0de049826ab6c7005",
            "ipv6_cidr_block": "",
            "ipv6_cidr_block_association_id": "",
            "ipv6_native": false,
            "map_customer_owned_ip_on_launch": false,
            "map_public_ip_on_launch": false,
            "outpost_arn": "",
            "owner_id": "707508416284",
            "private_dns_hostname_type_on_launch": "ip-name",
            "tags": {
              "Blueprint": "cluster-eks",
              "GithubRepo": "github.com/aws-ia/terraform-aws-eks-blueprints",
              "Name": "cluster-eks-private-us-west-2a",
              "karpenter.sh/discovery": "cluster-eks",
              "kubernetes.io/role/internal-elb": "1"
            },
            "tags_all": {
              "Blueprint": "cluster-eks",
              "GithubRepo": "github.com/aws-ia/terraform-aws-eks-blueprints",
              "Name": "cluster-eks-private-us-west-2a",
              "karpenter.sh/discovery": "cluster-eks",
              "kubernetes.io/role/internal-elb": "1"
            },
            "timeouts": null,
            "vpc_id": "vpc-0d502fb1cf3a0e484"
          },
          "sensitive_attributes": [],
          "private": "eyJlMmJmYjczMC1lY2FhLTExZTYtOGY4OC0zNDM2M2JjN2M0YzAiOnsiY3JlYXRlIjo2MDAwMDAwMDAwMDAsImRlbGV0ZSI6MTIwMDAwMDAwMDAwMH0sInNjaGVtYV92ZXJzaW9uIjoiMSJ9",
          "dependencies": [
            "data.aws_availability_zones.available",
            "module.vpc.aws_vpc.this",
            "module.vpc.aws_vpc_ipv4_cidr_block_association.this"
          ],
          "create_before_destroy": true
        },
        {
          "index_key": 1,
          "schema_version": 1,
          "attributes": {
            "arn": "arn:aws:ec2:us-west-2:707508416284:subnet/subnet-0628c1c48014ae6b9",
            "assign_ipv6_address_on_creation": false,
            "availability_zone": "us-west-2b",
            "availability_zone_id": "usw2-az2",
            "cidr_block": "10.0.16.0/20",
            "customer_owned_ipv4_pool": "",
            "enable_dns64": false,
            "enable_lni_at_device_index": 0,
            "enable_resource_name_dns_a_record_on_launch": false,
            "enable_resource_name_dns_aaaa_record_on_launch": false,
            "id": "subnet-0628c1c48014ae6b9",
            "ipv6_cidr_block": "",
            "ipv6_cidr_block_association_id": "",
            "ipv6_native": false,
            "map_customer_owned_ip_on_launch": false,
            "map_public_ip_on_launch": false,
            "outpost_arn": "",
            "owner_id": "707508416284",
            "private_dns_hostname_type_on_launch": "ip-name",
            "tags": {
              "Blueprint": "cluster-eks",
              "GithubRepo": "github.com/aws-ia/terraform-aws-eks-blueprints",
              "Name": "cluster-eks-private-us-west-2b",
              "karpenter.sh/discovery": "cluster-eks",
              "kubernetes.io/role/internal-elb": "1"
            },
            "tags_all": {
              "Blueprint": "cluster-eks",
              "GithubRepo": "github.com/aws-ia/terraform-aws-eks-blueprints",
              "Name": "cluster-eks-private-us-west-2b",
              "karpenter.sh/discovery": "cluster-eks",
              "kubernetes.io/role/internal-elb": "1"
            },
            "timeouts": null,
            "vpc_id": "vpc-0d502fb1cf3a0e484"
          },
          "sensitive_attributes": [],
          "private": "eyJlMmJmYjczMC1lY2FhLTExZTYtOGY4OC0zNDM2M2JjN2M0YzAiOnsiY3JlYXRlIjo2MDAwMDAwMDAwMDAsImRlbGV0ZSI6MTIwMDAwMDAwMDAwMH0sInNjaGVtYV92ZXJzaW9uIjoiMSJ9",
          "dependencies": [
            "data.aws_availability_zones.available",
            "module.vpc.aws_vpc.this",
            "module.vpc.aws_vpc_ipv4_cidr_block_association.this"
          ],
          "create_before_destroy": true
        },
        {
          "index_key": 2,
          "schema_version": 1,
          "attributes": {
            "arn": "arn:aws:ec2:us-west-2:707508416284:subnet/subnet-0f4751186e9a49b1d",
            "assign_ipv6_address_on_creation": false,
            "availability_zone": "us-west-2c",
            "availability_zone_id": "usw2-az3",
            "cidr_block": "10.0.32.0/20",
            "customer_owned_ipv4_pool": "",
            "enable_dns64": false,
            "enable_lni_at_device_index": 0,
            "enable_resource_name_dns_a_record_on_launch": false,
            "enable_resource_name_dns_aaaa_record_on_launch": false,
            "id": "subnet-0f4751186e9a49b1d",
            "ipv6_cidr_block": "",
            "ipv6_cidr_block_association_id": "",
            "ipv6_native": false,
            "map_customer_owned_ip_on_launch": false,
            "map_public_ip_on_launch": false,
            "outpost_arn": "",
            "owner_id": "707508416284",
            "private_dns_hostname_type_on_launch": "ip-name",
            "tags": {
              "Blueprint": "cluster-eks",
              "GithubRepo": "github.com/aws-ia/terraform-aws-eks-blueprints",
              "Name": "cluster-eks-private-us-west-2c",
              "karpenter.sh/discovery": "cluster-eks",
              "kubernetes.io/role/internal-elb": "1"
            },
            "tags_all": {
              "Blueprint": "cluster-eks",
              "GithubRepo": "github.com/aws-ia/terraform-aws-eks-blueprints",
              "Name": "cluster-eks-private-us-west-2c",
              "karpenter.sh/discovery": "cluster-eks",
              "kubernetes.io/role/internal-elb": "1"
            },
            "timeouts": null,
            "vpc_id": "vpc-0d502fb1cf3a0e484"
          },
          "sensitive_attributes": [],
          "private": "eyJlMmJmYjczMC1lY2FhLTExZTYtOGY4OC0zNDM2M2JjN2M0YzAiOnsiY3JlYXRlIjo2MDAwMDAwMDAwMDAsImRlbGV0ZSI6MTIwMDAwMDAwMDAwMH0sInNjaGVtYV92ZXJzaW9uIjoiMSJ9",
          "dependencies": [
            "data.aws_availability_zones.available",
            "module.vpc.aws_vpc.this",
            "module.vpc.aws_vpc_ipv4_cidr_block_association.this"
          ],
          "create_before_destroy": true
        }
      ]
    },
    {
      "module": "module.vpc",
      "mode": "managed",
      "type": "aws_subnet",
      "name": "public",
      "provider": "provider[\"registry.terraform.io/hashicorp/aws\"]",
      "instances": [
        {
          "index_key": 0,
          "schema_version": 1,
          "attributes": {
            "arn": "arn:aws:ec2:us-west-2:707508416284:subnet/subnet-02a4a0a3ad294ae09",
            "assign_ipv6_address_on_creation": false,
            "availability_zone": "us-west-2a",
            "availability_zone_id": "usw2-az1",
            "cidr_block": "10.0.48.0/24",
            "customer_owned_ipv4_pool": "",
            "enable_dns64": false,
            "enable_lni_at_device_index": 0,
            "enable_resource_name_dns_a_record_on_launch": false,
            "enable_resource_name_dns_aaaa_record_on_launch": false,
            "id": "subnet-02a4a0a3ad294ae09",
            "ipv6_cidr_block": "",
            "ipv6_cidr_block_association_id": "",
            "ipv6_native": false,
            "map_customer_owned_ip_on_launch": false,
            "map_public_ip_on_launch": false,
            "outpost_arn": "",
            "owner_id": "707508416284",
            "private_dns_hostname_type_on_launch": "ip-name",
            "tags": {
              "Blueprint": "cluster-eks",
              "GithubRepo": "github.com/aws-ia/terraform-aws-eks-blueprints",
              "Name": "cluster-eks-public-us-west-2a",
              "kubernetes.io/role/elb": "1"
            },
            "tags_all": {
              "Blueprint": "cluster-eks",
              "GithubRepo": "github.com/aws-ia/terraform-aws-eks-blueprints",
              "Name": "cluster-eks-public-us-west-2a",
              "kubernetes.io/role/elb": "1"
            },
            "timeouts": null,
            "vpc_id": "vpc-0d502fb1cf3a0e484"
          },
          "sensitive_attributes": [],
          "private": "eyJlMmJmYjczMC1lY2FhLTExZTYtOGY4OC0zNDM2M2JjN2M0YzAiOnsiY3JlYXRlIjo2MDAwMDAwMDAwMDAsImRlbGV0ZSI6MTIwMDAwMDAwMDAwMH0sInNjaGVtYV92ZXJzaW9uIjoiMSJ9",
          "dependencies": [
            "data.aws_availability_zones.available",
            "module.vpc.aws_vpc.this",
            "module.vpc.aws_vpc_ipv4_cidr_block_association.this"
          ]
        },
        {
          "index_key": 1,
          "schema_version": 1,
          "attributes": {
            "arn": "arn:aws:ec2:us-west-2:707508416284:subnet/subnet-0768969bba7aa442b",
            "assign_ipv6_address_on_creation": false,
            "availability_zone": "us-west-2b",
            "availability_zone_id": "usw2-az2",
            "cidr_block": "10.0.49.0/24",
            "customer_owned_ipv4_pool": "",
            "enable_dns64": false,
            "enable_lni_at_device_index": 0,
            "enable_resource_name_dns_a_record_on_launch": false,
            "enable_resource_name_dns_aaaa_record_on_launch": false,
            "id": "subnet-0768969bba7aa442b",
            "ipv6_cidr_block": "",
            "ipv6_cidr_block_association_id": "",
            "ipv6_native": false,
            "map_customer_owned_ip_on_launch": false,
            "map_public_ip_on_launch": false,
            "outpost_arn": "",
            "owner_id": "707508416284",
            "private_dns_hostname_type_on_launch": "ip-name",
            "tags": {
              "Blueprint": "cluster-eks",
              "GithubRepo": "github.com/aws-ia/terraform-aws-eks-blueprints",
              "Name": "cluster-eks-public-us-west-2b",
              "kubernetes.io/role/elb": "1"
            },
            "tags_all": {
              "Blueprint": "cluster-eks",
              "GithubRepo": "github.com/aws-ia/terraform-aws-eks-blueprints",
              "Name": "cluster-eks-public-us-west-2b",
              "kubernetes.io/role/elb": "1"
            },
            "timeouts": null,
            "vpc_id": "vpc-0d502fb1cf3a0e484"
          },
          "sensitive_attributes": [],
          "private": "eyJlMmJmYjczMC1lY2FhLTExZTYtOGY4OC0zNDM2M2JjN2M0YzAiOnsiY3JlYXRlIjo2MDAwMDAwMDAwMDAsImRlbGV0ZSI6MTIwMDAwMDAwMDAwMH0sInNjaGVtYV92ZXJzaW9uIjoiMSJ9",
          "dependencies": [
            "data.aws_availability_zones.available",
            "module.vpc.aws_vpc.this",
            "module.vpc.aws_vpc_ipv4_cidr_block_association.this"
          ]
        },
        {
          "index_key": 2,
          "schema_version": 1,
          "attributes": {
            "arn": "arn:aws:ec2:us-west-2:707508416284:subnet/subnet-097130803ecdd0f9e",
            "assign_ipv6_address_on_creation": false,
            "availability_zone": "us-west-2c",
            "availability_zone_id": "usw2-az3",
            "cidr_block": "10.0.50.0/24",
            "customer_owned_ipv4_pool": "",
            "enable_dns64": false,
            "enable_lni_at_device_index": 0,
            "enable_resource_name_dns_a_record_on_launch": false,
            "enable_resource_name_dns_aaaa_record_on_launch": false,
            "id": "subnet-097130803ecdd0f9e",
            "ipv6_cidr_block": "",
            "ipv6_cidr_block_association_id": "",
            "ipv6_native": false,
            "map_customer_owned_ip_on_launch": false,
            "map_public_ip_on_launch": false,
            "outpost_arn": "",
            "owner_id": "707508416284",
            "private_dns_hostname_type_on_launch": "ip-name",
            "tags": {
              "Blueprint": "cluster-eks",
              "GithubRepo": "github.com/aws-ia/terraform-aws-eks-blueprints",
              "Name": "cluster-eks-public-us-west-2c",
              "kubernetes.io/role/elb": "1"
            },
            "tags_all": {
              "Blueprint": "cluster-eks",
              "GithubRepo": "github.com/aws-ia/terraform-aws-eks-blueprints",
              "Name": "cluster-eks-public-us-west-2c",
              "kubernetes.io/role/elb": "1"
            },
            "timeouts": null,
            "vpc_id": "vpc-0d502fb1cf3a0e484"
          },
          "sensitive_attributes": [],
          "private": "eyJlMmJmYjczMC1lY2FhLTExZTYtOGY4OC0zNDM2M2JjN2M0YzAiOnsiY3JlYXRlIjo2MDAwMDAwMDAwMDAsImRlbGV0ZSI6MTIwMDAwMDAwMDAwMH0sInNjaGVtYV92ZXJzaW9uIjoiMSJ9",
          "dependencies": [
            "data.aws_availability_zones.available",
            "module.vpc.aws_vpc.this",
            "module.vpc.aws_vpc_ipv4_cidr_block_association.this"
          ]
        }
      ]
    },
    {
      "module": "module.vpc",
      "mode": "managed",
      "type": "aws_vpc",
      "name": "this",
      "provider": "provider[\"registry.terraform.io/hashicorp/aws\"]",
      "instances": [
        {
          "index_key": 0,
          "schema_version": 1,
          "attributes": {
            "arn": "arn:aws:ec2:us-west-2:707508416284:vpc/vpc-0d502fb1cf3a0e484",
            "assign_generated_ipv6_cidr_block": false,
            "cidr_block": "10.0.0.0/16",
            "default_network_acl_id": "acl-09d266c442b611a7a",
            "default_route_table_id": "rtb-0ded523a76f5b5cb1",
            "default_security_group_id": "sg-089cac0e157bf6893",
            "dhcp_options_id": "dopt-85654bfd",
            "enable_dns_hostnames": true,
            "enable_dns_support": true,
            "enable_network_address_usage_metrics": false,
            "id": "vpc-0d502fb1cf3a0e484",
            "instance_tenancy": "default",
            "ipv4_ipam_pool_id": null,
            "ipv4_netmask_length": null,
            "ipv6_association_id": "",
            "ipv6_cidr_block": "",
            "ipv6_cidr_block_network_border_group": "",
            "ipv6_ipam_pool_id": "",
            "ipv6_netmask_length": 0,
            "main_route_table_id": "rtb-0ded523a76f5b5cb1",
            "owner_id": "707508416284",
            "tags": {
              "Blueprint": "cluster-eks",
              "GithubRepo": "github.com/aws-ia/terraform-aws-eks-blueprints",
              "Name": "cluster-eks"
            },
            "tags_all": {
              "Blueprint": "cluster-eks",
              "GithubRepo": "github.com/aws-ia/terraform-aws-eks-blueprints",
              "Name": "cluster-eks"
            }
          },
          "sensitive_attributes": [],
          "private": "eyJzY2hlbWFfdmVyc2lvbiI6IjEifQ==",
          "create_before_destroy": true
        }
      ]
    }
  ],
  "check_results": null
}
